// !$*UTF8*$!
{
	archiveVersion = 1;
	classes = {
	};
	objectVersion = 46;
	objects = {

/* Begin PBXBuildFile section */
		8E25F4951D64FD3600E6AFBF /* VerbeChoisiTableViewController.swift in Sources */ = {isa = PBXBuildFile; fileRef = 8E25F4941D64FD3600E6AFBF /* VerbeChoisiTableViewController.swift */; };
		8E25F4971D66248000E6AFBF /* VerbeFinalTableViewController.swift in Sources */ = {isa = PBXBuildFile; fileRef = 8E25F4961D66248000E6AFBF /* VerbeFinalTableViewController.swift */; };
		8E25F49B1D665A4F00E6AFBF /* initialViewController.swift in Sources */ = {isa = PBXBuildFile; fileRef = 8E25F49A1D665A4F00E6AFBF /* initialViewController.swift */; };
		8E3E40301C6A758A00918E7A /* Sound in Resources */ = {isa = PBXBuildFile; fileRef = 8E3E402F1C6A758A00918E7A /* Sound */; };
		8E3E40411C6A804C00918E7A /* Error Warning.wav in Resources */ = {isa = PBXBuildFile; fileRef = 8E3E40401C6A804C00918E7A /* Error Warning.wav */; };
		8E3E40431C6A805300918E7A /* Incoming Text 01.wav in Resources */ = {isa = PBXBuildFile; fileRef = 8E3E40421C6A805300918E7A /* Incoming Text 01.wav */; };
		8E544BEF1C42CD08009AC474 /* StatitsticViewController.swift in Sources */ = {isa = PBXBuildFile; fileRef = 8E544BEE1C42CD08009AC474 /* StatitsticViewController.swift */; };
		8E7398A51C512AD9003A5B3F /* ModoTableViewController.swift in Sources */ = {isa = PBXBuildFile; fileRef = 8E7398A41C512AD9003A5B3F /* ModoTableViewController.swift */; };
		8E7F05E41C2F2C35003A6F21 /* AppDelegate.swift in Sources */ = {isa = PBXBuildFile; fileRef = 8E7F05E31C2F2C35003A6F21 /* AppDelegate.swift */; };
		8E7F05E61C2F2C35003A6F21 /* VerbTestViewController.swift in Sources */ = {isa = PBXBuildFile; fileRef = 8E7F05E51C2F2C35003A6F21 /* VerbTestViewController.swift */; };
		8E7F05E91C2F2C36003A6F21 /* Main.storyboard in Resources */ = {isa = PBXBuildFile; fileRef = 8E7F05E71C2F2C36003A6F21 /* Main.storyboard */; };
		8E7F05EB1C2F2C36003A6F21 /* Assets.xcassets in Resources */ = {isa = PBXBuildFile; fileRef = 8E7F05EA1C2F2C36003A6F21 /* Assets.xcassets */; };
		8E7F05EE1C2F2C36003A6F21 /* LaunchScreen.storyboard in Resources */ = {isa = PBXBuildFile; fileRef = 8E7F05EC1C2F2C36003A6F21 /* LaunchScreen.storyboard */; };
		8E7F05F91C2F2C38003A6F21 /* QuizVerbesItaliensTests.swift in Sources */ = {isa = PBXBuildFile; fileRef = 8E7F05F81C2F2C38003A6F21 /* QuizVerbesItaliensTests.swift */; };
		8E7F06041C2F2C39003A6F21 /* QuizVerbesItaliensUITests.swift in Sources */ = {isa = PBXBuildFile; fileRef = 8E7F06031C2F2C39003A6F21 /* QuizVerbesItaliensUITests.swift */; };
		8E7F06141C2F2E46003A6F21 /* DataStructure.swift in Sources */ = {isa = PBXBuildFile; fileRef = 8E7F06131C2F2E46003A6F21 /* DataStructure.swift */; };
		8E7F06161C306AB2003A6F21 /* ItalianVerbPlist.plist in Resources */ = {isa = PBXBuildFile; fileRef = 8E7F06151C306AB1003A6F21 /* ItalianVerbPlist.plist */; };
		8EF409F71D67926300F05245 /* ListeOfVerbesViewController.swift in Sources */ = {isa = PBXBuildFile; fileRef = 8EF409F61D67926300F05245 /* ListeOfVerbesViewController.swift */; };
/* End PBXBuildFile section */

/* Begin PBXContainerItemProxy section */
		8E7F05F51C2F2C37003A6F21 /* PBXContainerItemProxy */ = {
			isa = PBXContainerItemProxy;
			containerPortal = 8E7F05D81C2F2C34003A6F21 /* Project object */;
			proxyType = 1;
			remoteGlobalIDString = 8E7F05DF1C2F2C35003A6F21;
			remoteInfo = QuizVerbesItaliens;
		};
		8E7F06001C2F2C39003A6F21 /* PBXContainerItemProxy */ = {
			isa = PBXContainerItemProxy;
			containerPortal = 8E7F05D81C2F2C34003A6F21 /* Project object */;
			proxyType = 1;
			remoteGlobalIDString = 8E7F05DF1C2F2C35003A6F21;
			remoteInfo = QuizVerbesItaliens;
		};
/* End PBXContainerItemProxy section */

/* Begin PBXFileReference section */
		8E25F4941D64FD3600E6AFBF /* VerbeChoisiTableViewController.swift */ = {isa = PBXFileReference; fileEncoding = 4; lastKnownFileType = sourcecode.swift; path = VerbeChoisiTableViewController.swift; sourceTree = "<group>"; };
		8E25F4961D66248000E6AFBF /* VerbeFinalTableViewController.swift */ = {isa = PBXFileReference; fileEncoding = 4; lastKnownFileType = sourcecode.swift; path = VerbeFinalTableViewController.swift; sourceTree = "<group>"; };
		8E25F49A1D665A4F00E6AFBF /* initialViewController.swift */ = {isa = PBXFileReference; fileEncoding = 4; lastKnownFileType = sourcecode.swift; path = initialViewController.swift; sourceTree = "<group>"; };
		8E3E402F1C6A758A00918E7A /* Sound */ = {isa = PBXFileReference; lastKnownFileType = folder; path = Sound; sourceTree = "<group>"; };
		8E3E40401C6A804C00918E7A /* Error Warning.wav */ = {isa = PBXFileReference; lastKnownFileType = audio.wav; name = "Error Warning.wav"; path = "Sound/Error Warning.wav"; sourceTree = "<group>"; };
		8E3E40421C6A805300918E7A /* Incoming Text 01.wav */ = {isa = PBXFileReference; lastKnownFileType = audio.wav; name = "Incoming Text 01.wav"; path = "Sound/Incoming Text 01.wav"; sourceTree = "<group>"; };
		8E544BEE1C42CD08009AC474 /* StatitsticViewController.swift */ = {isa = PBXFileReference; fileEncoding = 4; lastKnownFileType = sourcecode.swift; path = StatitsticViewController.swift; sourceTree = "<group>"; };
		8E7398A41C512AD9003A5B3F /* ModoTableViewController.swift */ = {isa = PBXFileReference; fileEncoding = 4; lastKnownFileType = sourcecode.swift; path = ModoTableViewController.swift; sourceTree = "<group>"; };
		8E7F05E01C2F2C35003A6F21 /* QuizVerbesItaliens.app */ = {isa = PBXFileReference; explicitFileType = wrapper.application; includeInIndex = 0; path = QuizVerbesItaliens.app; sourceTree = BUILT_PRODUCTS_DIR; };
		8E7F05E31C2F2C35003A6F21 /* AppDelegate.swift */ = {isa = PBXFileReference; lastKnownFileType = sourcecode.swift; path = AppDelegate.swift; sourceTree = "<group>"; };
		8E7F05E51C2F2C35003A6F21 /* VerbTestViewController.swift */ = {isa = PBXFileReference; lastKnownFileType = sourcecode.swift; path = VerbTestViewController.swift; sourceTree = "<group>"; };
		8E7F05E81C2F2C36003A6F21 /* Base */ = {isa = PBXFileReference; lastKnownFileType = file.storyboard; name = Base; path = Base.lproj/Main.storyboard; sourceTree = "<group>"; };
		8E7F05EA1C2F2C36003A6F21 /* Assets.xcassets */ = {isa = PBXFileReference; lastKnownFileType = folder.assetcatalog; path = Assets.xcassets; sourceTree = "<group>"; };
		8E7F05ED1C2F2C36003A6F21 /* Base */ = {isa = PBXFileReference; lastKnownFileType = file.storyboard; name = Base; path = Base.lproj/LaunchScreen.storyboard; sourceTree = "<group>"; };
		8E7F05EF1C2F2C36003A6F21 /* Info.plist */ = {isa = PBXFileReference; lastKnownFileType = text.plist.xml; path = Info.plist; sourceTree = "<group>"; };
		8E7F05F41C2F2C37003A6F21 /* QuizVerbesItaliens.xctest */ = {isa = PBXFileReference; explicitFileType = wrapper.cfbundle; includeInIndex = 0; path = QuizVerbesItaliens.xctest; sourceTree = BUILT_PRODUCTS_DIR; };
		8E7F05F81C2F2C38003A6F21 /* QuizVerbesItaliensTests.swift */ = {isa = PBXFileReference; lastKnownFileType = sourcecode.swift; name = QuizVerbesItaliensTests.swift; path = QuizVerbesItaliensTests/QuizVerbesItaliensTests.swift; sourceTree = SOURCE_ROOT; };
		8E7F05FA1C2F2C38003A6F21 /* Info.plist */ = {isa = PBXFileReference; lastKnownFileType = text.plist.xml; name = Info.plist; path = QuizVerbesItaliensTests/Info.plist; sourceTree = SOURCE_ROOT; };
		8E7F05FF1C2F2C39003A6F21 /* QuizVerbesItaliens.xctest */ = {isa = PBXFileReference; explicitFileType = wrapper.cfbundle; includeInIndex = 0; path = QuizVerbesItaliens.xctest; sourceTree = BUILT_PRODUCTS_DIR; };
		8E7F06031C2F2C39003A6F21 /* QuizVerbesItaliensUITests.swift */ = {isa = PBXFileReference; lastKnownFileType = sourcecode.swift; name = QuizVerbesItaliensUITests.swift; path = QuizVerbesItaliensUITests/QuizVerbesItaliensUITests.swift; sourceTree = SOURCE_ROOT; };
		8E7F06051C2F2C39003A6F21 /* Info.plist */ = {isa = PBXFileReference; lastKnownFileType = text.plist.xml; name = Info.plist; path = QuizVerbesItaliensUITests/Info.plist; sourceTree = SOURCE_ROOT; };
		8E7F06131C2F2E46003A6F21 /* DataStructure.swift */ = {isa = PBXFileReference; fileEncoding = 4; lastKnownFileType = sourcecode.swift; path = DataStructure.swift; sourceTree = "<group>"; };
		8E7F06151C306AB1003A6F21 /* ItalianVerbPlist.plist */ = {isa = PBXFileReference; fileEncoding = 4; lastKnownFileType = text.plist.xml; name = ItalianVerbPlist.plist; path = ../../Italian/Italian/ItalianVerbPlist.plist; sourceTree = "<group>"; };
		8EF409F61D67926300F05245 /* ListeOfVerbesViewController.swift */ = {isa = PBXFileReference; fileEncoding = 4; lastKnownFileType = sourcecode.swift; path = ListeOfVerbesViewController.swift; sourceTree = "<group>"; };
/* End PBXFileReference section */

/* Begin PBXFrameworksBuildPhase section */
		8E7F05DD1C2F2C35003A6F21 /* Frameworks */ = {
			isa = PBXFrameworksBuildPhase;
			buildActionMask = 2147483647;
			files = (
			);
			runOnlyForDeploymentPostprocessing = 0;
		};
		8E7F05F11C2F2C37003A6F21 /* Frameworks */ = {
			isa = PBXFrameworksBuildPhase;
			buildActionMask = 2147483647;
			files = (
			);
			runOnlyForDeploymentPostprocessing = 0;
		};
		8E7F05FC1C2F2C38003A6F21 /* Frameworks */ = {
			isa = PBXFrameworksBuildPhase;
			buildActionMask = 2147483647;
			files = (
			);
			runOnlyForDeploymentPostprocessing = 0;
		};
/* End PBXFrameworksBuildPhase section */

/* Begin PBXGroup section */
		8E3E403F1C6A801500918E7A /* Sounds */ = {
			isa = PBXGroup;
			children = (
				8E3E40421C6A805300918E7A /* Incoming Text 01.wav */,
				8E3E40401C6A804C00918E7A /* Error Warning.wav */,
			);
			name = Sounds;
			sourceTree = "<group>";
		};
		8E48F53A1C3B078A00C53A1D /* Data */ = {
			isa = PBXGroup;
			children = (
			);
			name = Data;
			sourceTree = "<group>";
		};
		8E7F05D71C2F2C34003A6F21 = {
			isa = PBXGroup;
			children = (
				8E7F05E21C2F2C35003A6F21 /* QuizVerbesItaliens */,
			);
			sourceTree = "<group>";
		};
		8E7F05E11C2F2C35003A6F21 /* Products */ = {
			isa = PBXGroup;
			children = (
				8E7F05E01C2F2C35003A6F21 /* QuizVerbesItaliens.app */,
				8E7F05F41C2F2C37003A6F21 /* QuizVerbesItaliens.xctest */,
				8E7F05FF1C2F2C39003A6F21 /* QuizVerbesItaliens.xctest */,
			);
			name = Products;
			path = ..;
			sourceTree = "<group>";
		};
		8E7F05E21C2F2C35003A6F21 /* QuizVerbesItaliens */ = {
			isa = PBXGroup;
			children = (
				8E7F06131C2F2E46003A6F21 /* DataStructure.swift */,
				8E25F49A1D665A4F00E6AFBF /* initialViewController.swift */,
				8E7398A41C512AD9003A5B3F /* ModoTableViewController.swift */,
				8E7F05E51C2F2C35003A6F21 /* VerbTestViewController.swift */,
				8E544BEE1C42CD08009AC474 /* StatitsticViewController.swift */,
				8EF409F61D67926300F05245 /* ListeOfVerbesViewController.swift */,
				8E25F4941D64FD3600E6AFBF /* VerbeChoisiTableViewController.swift */,
				8E25F4961D66248000E6AFBF /* VerbeFinalTableViewController.swift */,
				8E7F05E71C2F2C36003A6F21 /* Main.storyboard */,
				8E7F05EC1C2F2C36003A6F21 /* LaunchScreen.storyboard */,
				8E3E403F1C6A801500918E7A /* Sounds */,
				8E3E402F1C6A758A00918E7A /* Sound */,
				8E7F05EA1C2F2C36003A6F21 /* Assets.xcassets */,
				8E7F05E31C2F2C35003A6F21 /* AppDelegate.swift */,
				8E48F53A1C3B078A00C53A1D /* Data */,
				8E7F05EF1C2F2C36003A6F21 /* Info.plist */,
				8E7F06151C306AB1003A6F21 /* ItalianVerbPlist.plist */,
				8E7F05F71C2F2C37003A6F21 /* QuizVerbesItaliensTests */,
				8E7F05F81C2F2C38003A6F21 /* QuizVerbesItaliensTests.swift */,
				8E7F05FA1C2F2C38003A6F21 /* Info.plist */,
				8E7F06021C2F2C39003A6F21 /* QuizVerbesItaliensUITests */,
				8E7F06031C2F2C39003A6F21 /* QuizVerbesItaliensUITests.swift */,
				8E7F06051C2F2C39003A6F21 /* Info.plist */,
				8E7F05E11C2F2C35003A6F21 /* Products */,
			);
			path = QuizVerbesItaliens;
			sourceTree = "<group>";
		};
		8E7F05F71C2F2C37003A6F21 /* QuizVerbesItaliensTests */ = {
			isa = PBXGroup;
			children = (
			);
			path = QuizVerbesItaliensTests;
			sourceTree = SOURCE_ROOT;
		};
		8E7F06021C2F2C39003A6F21 /* QuizVerbesItaliensUITests */ = {
			isa = PBXGroup;
			children = (
			);
			path = QuizVerbesItaliensUITests;
			sourceTree = SOURCE_ROOT;
		};
/* End PBXGroup section */

/* Begin PBXNativeTarget section */
		8E7F05DF1C2F2C35003A6F21 /* QuizVerbesItaliens */ = {
			isa = PBXNativeTarget;
			buildConfigurationList = 8E7F06081C2F2C3A003A6F21 /* Build configuration list for PBXNativeTarget "QuizVerbesItaliens" */;
			buildPhases = (
				8E7F05DC1C2F2C35003A6F21 /* Sources */,
				8E7F05DD1C2F2C35003A6F21 /* Frameworks */,
				8E7F05DE1C2F2C35003A6F21 /* Resources */,
			);
			buildRules = (
			);
			dependencies = (
			);
			name = QuizVerbesItaliens;
			productName = QuizVerbesItaliens;
			productReference = 8E7F05E01C2F2C35003A6F21 /* QuizVerbesItaliens.app */;
			productType = "com.apple.product-type.application";
		};
		8E7F05F31C2F2C37003A6F21 /* QuizVerbesItaliensTests */ = {
			isa = PBXNativeTarget;
			buildConfigurationList = 8E7F060B1C2F2C3A003A6F21 /* Build configuration list for PBXNativeTarget "QuizVerbesItaliensTests" */;
			buildPhases = (
				8E7F05F01C2F2C37003A6F21 /* Sources */,
				8E7F05F11C2F2C37003A6F21 /* Frameworks */,
				8E7F05F21C2F2C37003A6F21 /* Resources */,
			);
			buildRules = (
			);
			dependencies = (
				8E7F05F61C2F2C37003A6F21 /* PBXTargetDependency */,
			);
			name = QuizVerbesItaliensTests;
			productName = QuizVerbesItaliensTests;
			productReference = 8E7F05F41C2F2C37003A6F21 /* QuizVerbesItaliens.xctest */;
			productType = "com.apple.product-type.bundle.unit-test";
		};
		8E7F05FE1C2F2C38003A6F21 /* QuizVerbesItaliensUITests */ = {
			isa = PBXNativeTarget;
			buildConfigurationList = 8E7F060E1C2F2C3A003A6F21 /* Build configuration list for PBXNativeTarget "QuizVerbesItaliensUITests" */;
			buildPhases = (
				8E7F05FB1C2F2C38003A6F21 /* Sources */,
				8E7F05FC1C2F2C38003A6F21 /* Frameworks */,
				8E7F05FD1C2F2C38003A6F21 /* Resources */,
			);
			buildRules = (
			);
			dependencies = (
				8E7F06011C2F2C39003A6F21 /* PBXTargetDependency */,
			);
			name = QuizVerbesItaliensUITests;
			productName = QuizVerbesItaliensUITests;
			productReference = 8E7F05FF1C2F2C39003A6F21 /* QuizVerbesItaliens.xctest */;
			productType = "com.apple.product-type.bundle.ui-testing";
		};
/* End PBXNativeTarget section */

/* Begin PBXProject section */
		8E7F05D81C2F2C34003A6F21 /* Project object */ = {
			isa = PBXProject;
			attributes = {
				LastSwiftUpdateCheck = 0720;
				LastUpgradeCheck = 0800;
				ORGANIZATIONNAME = "Normand Martin";
				TargetAttributes = {
					8E7F05DF1C2F2C35003A6F21 = {
						CreatedOnToolsVersion = 7.2;
						DevelopmentTeam = X6D769Z7F4;
						LastSwiftMigration = 0810;
					};
					8E7F05F31C2F2C37003A6F21 = {
						CreatedOnToolsVersion = 7.2;
						LastSwiftMigration = 0810;
						TestTargetID = 8E7F05DF1C2F2C35003A6F21;
					};
					8E7F05FE1C2F2C38003A6F21 = {
						CreatedOnToolsVersion = 7.2;
						LastSwiftMigration = 0810;
						TestTargetID = 8E7F05DF1C2F2C35003A6F21;
					};
				};
			};
			buildConfigurationList = 8E7F05DB1C2F2C34003A6F21 /* Build configuration list for PBXProject "QuizVerbesItaliens" */;
			compatibilityVersion = "Xcode 3.2";
			developmentRegion = English;
			hasScannedForEncodings = 0;
			knownRegions = (
				en,
				Base,
			);
			mainGroup = 8E7F05D71C2F2C34003A6F21;
			productRefGroup = 8E7F05E11C2F2C35003A6F21 /* Products */;
			projectDirPath = "";
			projectRoot = "";
			targets = (
				8E7F05DF1C2F2C35003A6F21 /* QuizVerbesItaliens */,
				8E7F05F31C2F2C37003A6F21 /* QuizVerbesItaliensTests */,
				8E7F05FE1C2F2C38003A6F21 /* QuizVerbesItaliensUITests */,
			);
		};
/* End PBXProject section */

/* Begin PBXResourcesBuildPhase section */
		8E7F05DE1C2F2C35003A6F21 /* Resources */ = {
			isa = PBXResourcesBuildPhase;
			buildActionMask = 2147483647;
			files = (
				8E7F06161C306AB2003A6F21 /* ItalianVerbPlist.plist in Resources */,
				8E7F05EE1C2F2C36003A6F21 /* LaunchScreen.storyboard in Resources */,
				8E3E40301C6A758A00918E7A /* Sound in Resources */,
				8E3E40431C6A805300918E7A /* Incoming Text 01.wav in Resources */,
				8E3E40411C6A804C00918E7A /* Error Warning.wav in Resources */,
				8E7F05EB1C2F2C36003A6F21 /* Assets.xcassets in Resources */,
				8E7F05E91C2F2C36003A6F21 /* Main.storyboard in Resources */,
			);
			runOnlyForDeploymentPostprocessing = 0;
		};
		8E7F05F21C2F2C37003A6F21 /* Resources */ = {
			isa = PBXResourcesBuildPhase;
			buildActionMask = 2147483647;
			files = (
			);
			runOnlyForDeploymentPostprocessing = 0;
		};
		8E7F05FD1C2F2C38003A6F21 /* Resources */ = {
			isa = PBXResourcesBuildPhase;
			buildActionMask = 2147483647;
			files = (
			);
			runOnlyForDeploymentPostprocessing = 0;
		};
/* End PBXResourcesBuildPhase section */

/* Begin PBXSourcesBuildPhase section */
		8E7F05DC1C2F2C35003A6F21 /* Sources */ = {
			isa = PBXSourcesBuildPhase;
			buildActionMask = 2147483647;
			files = (
				8EF409F71D67926300F05245 /* ListeOfVerbesViewController.swift in Sources */,
				8E7398A51C512AD9003A5B3F /* ModoTableViewController.swift in Sources */,
				8E544BEF1C42CD08009AC474 /* StatitsticViewController.swift in Sources */,
				8E7F06141C2F2E46003A6F21 /* DataStructure.swift in Sources */,
				8E25F4971D66248000E6AFBF /* VerbeFinalTableViewController.swift in Sources */,
				8E7F05E61C2F2C35003A6F21 /* VerbTestViewController.swift in Sources */,
				8E25F4951D64FD3600E6AFBF /* VerbeChoisiTableViewController.swift in Sources */,
				8E25F49B1D665A4F00E6AFBF /* initialViewController.swift in Sources */,
				8E7F05E41C2F2C35003A6F21 /* AppDelegate.swift in Sources */,
			);
			runOnlyForDeploymentPostprocessing = 0;
		};
		8E7F05F01C2F2C37003A6F21 /* Sources */ = {
			isa = PBXSourcesBuildPhase;
			buildActionMask = 2147483647;
			files = (
				8E7F05F91C2F2C38003A6F21 /* QuizVerbesItaliensTests.swift in Sources */,
			);
			runOnlyForDeploymentPostprocessing = 0;
		};
		8E7F05FB1C2F2C38003A6F21 /* Sources */ = {
			isa = PBXSourcesBuildPhase;
			buildActionMask = 2147483647;
			files = (
				8E7F06041C2F2C39003A6F21 /* QuizVerbesItaliensUITests.swift in Sources */,
			);
			runOnlyForDeploymentPostprocessing = 0;
		};
/* End PBXSourcesBuildPhase section */

/* Begin PBXTargetDependency section */
		8E7F05F61C2F2C37003A6F21 /* PBXTargetDependency */ = {
			isa = PBXTargetDependency;
			target = 8E7F05DF1C2F2C35003A6F21 /* QuizVerbesItaliens */;
			targetProxy = 8E7F05F51C2F2C37003A6F21 /* PBXContainerItemProxy */;
		};
		8E7F06011C2F2C39003A6F21 /* PBXTargetDependency */ = {
			isa = PBXTargetDependency;
			target = 8E7F05DF1C2F2C35003A6F21 /* QuizVerbesItaliens */;
			targetProxy = 8E7F06001C2F2C39003A6F21 /* PBXContainerItemProxy */;
		};
/* End PBXTargetDependency section */

/* Begin PBXVariantGroup section */
		8E7F05E71C2F2C36003A6F21 /* Main.storyboard */ = {
			isa = PBXVariantGroup;
			children = (
				8E7F05E81C2F2C36003A6F21 /* Base */,
			);
			name = Main.storyboard;
			sourceTree = "<group>";
		};
		8E7F05EC1C2F2C36003A6F21 /* LaunchScreen.storyboard */ = {
			isa = PBXVariantGroup;
			children = (
				8E7F05ED1C2F2C36003A6F21 /* Base */,
			);
			name = LaunchScreen.storyboard;
			sourceTree = "<group>";
		};
/* End PBXVariantGroup section */

/* Begin XCBuildConfiguration section */
		8E7F06061C2F2C3A003A6F21 /* Debug */ = {
			isa = XCBuildConfiguration;
			buildSettings = {
				ALWAYS_SEARCH_USER_PATHS = NO;
				CLANG_CXX_LANGUAGE_STANDARD = "gnu++0x";
				CLANG_CXX_LIBRARY = "libc++";
				CLANG_ENABLE_MODULES = YES;
				CLANG_ENABLE_OBJC_ARC = YES;
				CLANG_WARN_BOOL_CONVERSION = YES;
				CLANG_WARN_CONSTANT_CONVERSION = YES;
				CLANG_WARN_DIRECT_OBJC_ISA_USAGE = YES_ERROR;
				CLANG_WARN_EMPTY_BODY = YES;
				CLANG_WARN_ENUM_CONVERSION = YES;
				CLANG_WARN_INFINITE_RECURSION = YES;
				CLANG_WARN_INT_CONVERSION = YES;
				CLANG_WARN_OBJC_ROOT_CLASS = YES_ERROR;
				CLANG_WARN_SUSPICIOUS_MOVE = YES;
				CLANG_WARN_UNREACHABLE_CODE = YES;
				CLANG_WARN__DUPLICATE_METHOD_MATCH = YES;
				"CODE_SIGN_IDENTITY[sdk=iphoneos*]" = "iPhone Developer";
				COPY_PHASE_STRIP = NO;
				DEBUG_INFORMATION_FORMAT = dwarf;
				ENABLE_STRICT_OBJC_MSGSEND = YES;
				ENABLE_TESTABILITY = YES;
				GCC_C_LANGUAGE_STANDARD = gnu99;
				GCC_DYNAMIC_NO_PIC = NO;
				GCC_NO_COMMON_BLOCKS = YES;
				GCC_OPTIMIZATION_LEVEL = 0;
				GCC_PREPROCESSOR_DEFINITIONS = (
					"DEBUG=1",
					"$(inherited)",
				);
				GCC_WARN_64_TO_32_BIT_CONVERSION = YES;
				GCC_WARN_ABOUT_RETURN_TYPE = YES_ERROR;
				GCC_WARN_UNDECLARED_SELECTOR = YES;
				GCC_WARN_UNINITIALIZED_AUTOS = YES_AGGRESSIVE;
				GCC_WARN_UNUSED_FUNCTION = YES;
				GCC_WARN_UNUSED_VARIABLE = YES;
				IPHONEOS_DEPLOYMENT_TARGET = 9.2;
				MTL_ENABLE_DEBUG_INFO = YES;
				ONLY_ACTIVE_ARCH = YES;
				SDKROOT = iphoneos;
				SWIFT_OPTIMIZATION_LEVEL = "-Onone";
			};
			name = Debug;
		};
		8E7F06071C2F2C3A003A6F21 /* Release */ = {
			isa = XCBuildConfiguration;
			buildSettings = {
				ALWAYS_SEARCH_USER_PATHS = NO;
				CLANG_CXX_LANGUAGE_STANDARD = "gnu++0x";
				CLANG_CXX_LIBRARY = "libc++";
				CLANG_ENABLE_MODULES = YES;
				CLANG_ENABLE_OBJC_ARC = YES;
				CLANG_WARN_BOOL_CONVERSION = YES;
				CLANG_WARN_CONSTANT_CONVERSION = YES;
				CLANG_WARN_DIRECT_OBJC_ISA_USAGE = YES_ERROR;
				CLANG_WARN_EMPTY_BODY = YES;
				CLANG_WARN_ENUM_CONVERSION = YES;
				CLANG_WARN_INFINITE_RECURSION = YES;
				CLANG_WARN_INT_CONVERSION = YES;
				CLANG_WARN_OBJC_ROOT_CLASS = YES_ERROR;
				CLANG_WARN_SUSPICIOUS_MOVE = YES;
				CLANG_WARN_UNREACHABLE_CODE = YES;
				CLANG_WARN__DUPLICATE_METHOD_MATCH = YES;
				"CODE_SIGN_IDENTITY[sdk=iphoneos*]" = "iPhone Developer";
				COPY_PHASE_STRIP = NO;
				DEBUG_INFORMATION_FORMAT = "dwarf-with-dsym";
				ENABLE_NS_ASSERTIONS = NO;
				ENABLE_STRICT_OBJC_MSGSEND = YES;
				GCC_C_LANGUAGE_STANDARD = gnu99;
				GCC_NO_COMMON_BLOCKS = YES;
				GCC_WARN_64_TO_32_BIT_CONVERSION = YES;
				GCC_WARN_ABOUT_RETURN_TYPE = YES_ERROR;
				GCC_WARN_UNDECLARED_SELECTOR = YES;
				GCC_WARN_UNINITIALIZED_AUTOS = YES_AGGRESSIVE;
				GCC_WARN_UNUSED_FUNCTION = YES;
				GCC_WARN_UNUSED_VARIABLE = YES;
				IPHONEOS_DEPLOYMENT_TARGET = 9.2;
				MTL_ENABLE_DEBUG_INFO = NO;
				SDKROOT = iphoneos;
				SWIFT_OPTIMIZATION_LEVEL = "-Owholemodule";
				VALIDATE_PRODUCT = YES;
			};
			name = Release;
		};
		8E7F06091C2F2C3A003A6F21 /* Debug */ = {
			isa = XCBuildConfiguration;
			buildSettings = {
				ASSETCATALOG_COMPILER_APPICON_NAME = AppIcon;
				CODE_SIGN_IDENTITY = "iPhone Developer";
				"CODE_SIGN_IDENTITY[sdk=iphoneos*]" = "iPhone Developer";
				INFOPLIST_FILE = QuizVerbesItaliens/Info.plist;
				LD_RUNPATH_SEARCH_PATHS = "$(inherited) @executable_path/Frameworks";
				PRODUCT_BUNDLE_IDENTIFIER = NM.QuizVerbesItaliens;
				PRODUCT_NAME = QuizVerbesItaliens;
				PROVISIONING_PROFILE = "";
				SWIFT_VERSION = 3.0;
				TARGETED_DEVICE_FAMILY = "1,2";
			};
			name = Debug;
		};
		8E7F060A1C2F2C3A003A6F21 /* Release */ = {
			isa = XCBuildConfiguration;
			buildSettings = {
				ASSETCATALOG_COMPILER_APPICON_NAME = AppIcon;
				CODE_SIGN_IDENTITY = "iPhone Developer";
				"CODE_SIGN_IDENTITY[sdk=iphoneos*]" = "iPhone Developer";
				INFOPLIST_FILE = QuizVerbesItaliens/Info.plist;
				LD_RUNPATH_SEARCH_PATHS = "$(inherited) @executable_path/Frameworks";
				PRODUCT_BUNDLE_IDENTIFIER = NM.QuizVerbesItaliens;
				PRODUCT_NAME = QuizVerbesItaliens;
				PROVISIONING_PROFILE = "";
				SWIFT_VERSION = 3.0;
				TARGETED_DEVICE_FAMILY = "1,2";
			};
			name = Release;
		};
		8E7F060C1C2F2C3A003A6F21 /* Debug */ = {
			isa = XCBuildConfiguration;
			buildSettings = {
				BUNDLE_LOADER = "$(TEST_HOST)";
				INFOPLIST_FILE = QuizVerbesItaliensTests/Info.plist;
				LD_RUNPATH_SEARCH_PATHS = "$(inherited) @executable_path/Frameworks @loader_path/Frameworks";
				PRODUCT_BUNDLE_IDENTIFIER = NM.QuizVerbesItaliensTests;
				PRODUCT_NAME = QuizVerbesItaliens;
				SWIFT_VERSION = 3.0;
				TEST_HOST = "$(BUILT_PRODUCTS_DIR)/QuizVerbesItaliens.app/QuizVerbesItaliens";
			};
			name = Debug;
		};
		8E7F060D1C2F2C3A003A6F21 /* Release */ = {
			isa = XCBuildConfiguration;
			buildSettings = {
				BUNDLE_LOADER = "$(TEST_HOST)";
				INFOPLIST_FILE = QuizVerbesItaliensTests/Info.plist;
				LD_RUNPATH_SEARCH_PATHS = "$(inherited) @executable_path/Frameworks @loader_path/Frameworks";
				PRODUCT_BUNDLE_IDENTIFIER = NM.QuizVerbesItaliensTests;
				PRODUCT_NAME = QuizVerbesItaliens;
				SWIFT_VERSION = 3.0;
				TEST_HOST = "$(BUILT_PRODUCTS_DIR)/QuizVerbesItaliens.app/QuizVerbesItaliens";
			};
			name = Release;
		};
		8E7F060F1C2F2C3A003A6F21 /* Debug */ = {
			isa = XCBuildConfiguration;
			buildSettings = {
				INFOPLIST_FILE = QuizVerbesItaliensUITests/Info.plist;
				LD_RUNPATH_SEARCH_PATHS = "$(inherited) @executable_path/Frameworks @loader_path/Frameworks";
				PRODUCT_BUNDLE_IDENTIFIER = NM.QuizVerbesItaliensUITests;
				PRODUCT_NAME = QuizVerbesItaliens;
				SWIFT_VERSION = 3.0;
				TEST_TARGET_NAME = QuizVerbesItaliens;
				USES_XCTRUNNER = YES;
			};
			name = Debug;
		};
		8E7F06101C2F2C3A003A6F21 /* Release */ = {
			isa = XCBuildConfiguration;
			buildSettings = {
				INFOPLIST_FILE = QuizVerbesItaliensUITests/Info.plist;
				LD_RUNPATH_SEARCH_PATHS = "$(inherited) @executable_path/Frameworks @loader_path/Frameworks";
				PRODUCT_BUNDLE_IDENTIFIER = NM.QuizVerbesItaliensUITests;
				PRODUCT_NAME = QuizVerbesItaliens;
				SWIFT_VERSION = 3.0;
				TEST_TARGET_NAME = QuizVerbesItaliens;
				USES_XCTRUNNER = YES;
			};
			name = Release;
		};
/* End XCBuildConfiguration section */

/* Begin XCConfigurationList section */
		8E7F05DB1C2F2C34003A6F21 /* Build configuration list for PBXProject "QuizVerbesItaliens" */ = {
			isa = XCConfigurationList;
			buildConfigurations = (
				8E7F06061C2F2C3A003A6F21 /* Debug */,
				8E7F06071C2F2C3A003A6F21 /* Release */,
			);
			defaultConfigurationIsVisible = 0;
			defaultConfigurationName = Release;
		};
		8E7F06081C2F2C3A003A6F21 /* Build configuration list for PBXNativeTarget "QuizVerbesItaliens" */ = {
			isa = XCConfigurationList;
			buildConfigurations = (
				8E7F06091C2F2C3A003A6F21 /* Debug */,
				8E7F060A1C2F2C3A003A6F21 /* Release */,
			);
			defaultConfigurationIsVisible = 0;
			defaultConfigurationName = Release;
		};
		8E7F060B1C2F2C3A003A6F21 /* Build configuration list for PBXNativeTarget "QuizVerbesItaliensTests" */ = {
			isa = XCConfigurationList;
			buildConfigurations = (
				8E7F060C1C2F2C3A003A6F21 /* Debug */,
				8E7F060D1C2F2C3A003A6F21 /* Release */,
			);
			defaultConfigurationIsVisible = 0;
			defaultConfigurationName = Release;
		};
		8E7F060E1C2F2C3A003A6F21 /* Build configuration list for PBXNativeTarget "QuizVerbesItaliensUITests" */ = {
			isa = XCConfigurationList;
			buildConfigurations = (
				8E7F060F1C2F2C3A003A6F21 /* Debug */,
				8E7F06101C2F2C3A003A6F21 /* Release */,
			);
			defaultConfigurationIsVisible = 0;
			defaultConfigurationName = Release;
		};
/* End XCConfigurationList section */
	};
	rootObject = 8E7F05D81C2F2C34003A6F21 /* Project object */;
}
