// !$*UTF8*$!
{
	archiveVersion = 1;
	classes = {
	};
	objectVersion = 46;
	objects = {

/* Begin PBXBuildFile section */
		402BCEBF8CAF7722A8D5C75D /* Pods_QuizVerbesItaliensTests.framework in Frameworks */ = {isa = PBXBuildFile; fileRef = DD3BDF5EDEA6C60FE138E81A /* Pods_QuizVerbesItaliensTests.framework */; };
		7472E52B19E4A6F7002E3303 /* Pods_QuizVerbesItaliensUITests.framework in Frameworks */ = {isa = PBXBuildFile; fileRef = A5F611F9B6CAABC367EB6B75 /* Pods_QuizVerbesItaliensUITests.framework */; };
		83D80E37FEBDEF236800F268 /* Pods_QuizVerbesItaliens.framework in Frameworks */ = {isa = PBXBuildFile; fileRef = 94930711F991120EB3900159 /* Pods_QuizVerbesItaliens.framework */; };
		8E175BB826826DAB009D627D /* FetchRequestForVerb.swift in Sources */ = {isa = PBXBuildFile; fileRef = 8E175BB726826DAB009D627D /* FetchRequestForVerb.swift */; };
		8E175BC226826FB4009D627D /* DetailStatTableViewController.swift in Sources */ = {isa = PBXBuildFile; fileRef = 8E175BC126826FB4009D627D /* DetailStatTableViewController.swift */; };
		8E175BC726827A80009D627D /* FirstStatTableViewCell.swift in Sources */ = {isa = PBXBuildFile; fileRef = 8E175BC626827A80009D627D /* FirstStatTableViewCell.swift */; };
		8E1D3DDF1EB51F6800482BC9 /* OptionsViewController.swift in Sources */ = {isa = PBXBuildFile; fileRef = 8E1D3DDE1EB51F6800482BC9 /* OptionsViewController.swift */; };
		8E1D3DE11EB51F7200482BC9 /* VerbListViewController.swift in Sources */ = {isa = PBXBuildFile; fileRef = 8E1D3DE01EB51F7200482BC9 /* VerbListViewController.swift */; };
		8E1D3DE31EB51F7E00482BC9 /* tempsDeVerbeTableViewController.swift in Sources */ = {isa = PBXBuildFile; fileRef = 8E1D3DE21EB51F7E00482BC9 /* tempsDeVerbeTableViewController.swift */; };
		8E1D3DE51EB51F8A00482BC9 /* FinalVerbeViewController.swift in Sources */ = {isa = PBXBuildFile; fileRef = 8E1D3DE41EB51F8A00482BC9 /* FinalVerbeViewController.swift */; };
		8E1D3DE71EB51F9100482BC9 /* QuizOptionsController.swift in Sources */ = {isa = PBXBuildFile; fileRef = 8E1D3DE61EB51F9100482BC9 /* QuizOptionsController.swift */; };
		8E1D3DE91EB51F9D00482BC9 /* QuizController.swift in Sources */ = {isa = PBXBuildFile; fileRef = 8E1D3DE81EB51F9D00482BC9 /* QuizController.swift */; };
		8E1D3DEB1EB51FA800482BC9 /* ResultViewController.swift in Sources */ = {isa = PBXBuildFile; fileRef = 8E1D3DEA1EB51FA800482BC9 /* ResultViewController.swift */; };
		8E1D3DED1EB51FB200482BC9 /* StatistiqueTableViewController.swift in Sources */ = {isa = PBXBuildFile; fileRef = 8E1D3DEC1EB51FB200482BC9 /* StatistiqueTableViewController.swift */; };
		8E1D3DEF1EB51FFA00482BC9 /* DataStructure.swift in Sources */ = {isa = PBXBuildFile; fileRef = 8E1D3DEE1EB51FFA00482BC9 /* DataStructure.swift */; };
		8E4458691FAE606B0097489C /* SpecificVerbViewController.swift in Sources */ = {isa = PBXBuildFile; fileRef = 8E4458681FAE606B0097489C /* SpecificVerbViewController.swift */; };
		8E48A2312693A40200545F86 /* SoundOption.swift in Sources */ = {isa = PBXBuildFile; fileRef = 8E48A2302693A40200545F86 /* SoundOption.swift */; };
		8E48A2362693ABE400545F86 /* chime_clickbell_octave_up.mp3 in Resources */ = {isa = PBXBuildFile; fileRef = 8E48A2352693ABE400545F86 /* chime_clickbell_octave_up.mp3 */; };
		8E48A23B2693ABF100545F86 /* etc_error_drum.mp3 in Resources */ = {isa = PBXBuildFile; fileRef = 8E48A23A2693ABF100545F86 /* etc_error_drum.mp3 */; };
		8E48A2432694DA7C00545F86 /* SoundPlayer.swift in Sources */ = {isa = PBXBuildFile; fileRef = 8E48A2422694DA7C00545F86 /* SoundPlayer.swift */; };
		8E48A24B2694F24300545F86 /* extensionLocalisation.swift in Sources */ = {isa = PBXBuildFile; fileRef = 8E48A24A2694F24300545F86 /* extensionLocalisation.swift */; };
		8E548DD421EA7CA20046C963 /* ContextuelItalien.plist in Resources */ = {isa = PBXBuildFile; fileRef = 8E548DD321EA7CA20046C963 /* ContextuelItalien.plist */; };
		8E548FC021EE933B0046C963 /* FrenchToEnglish.plist in Resources */ = {isa = PBXBuildFile; fileRef = 8E548FBF21EE933B0046C963 /* FrenchToEnglish.plist */; };
		8E548FC221F3CB910046C963 /* FontsAndConstraintsOptions.swift in Sources */ = {isa = PBXBuildFile; fileRef = 8E548FC121F3CB910046C963 /* FontsAndConstraintsOptions.swift */; };
		8E548FC821F3CF630046C963 /* ScreenDimension.swift in Sources */ = {isa = PBXBuildFile; fileRef = 8E548FC721F3CF630046C963 /* ScreenDimension.swift */; };
		8E54903721F4DA590046C963 /* ChoixFacileVerbeConjugue.swift in Sources */ = {isa = PBXBuildFile; fileRef = 8E54902E21F4DA580046C963 /* ChoixFacileVerbeConjugue.swift */; };
		8E54903821F4DA590046C963 /* Auxiliere.swift in Sources */ = {isa = PBXBuildFile; fileRef = 8E54902F21F4DA580046C963 /* Auxiliere.swift */; };
		8E54903921F4DA590046C963 /* DifficultyLevel.swift in Sources */ = {isa = PBXBuildFile; fileRef = 8E54903021F4DA580046C963 /* DifficultyLevel.swift */; };
		8E54903A21F4DA590046C963 /* ContextuelQuizViewController.swift in Sources */ = {isa = PBXBuildFile; fileRef = 8E54903121F4DA580046C963 /* ContextuelQuizViewController.swift */; };
		8E54903B21F4DA590046C963 /* TextFieldProperties.swift in Sources */ = {isa = PBXBuildFile; fileRef = 8E54903221F4DA580046C963 /* TextFieldProperties.swift */; };
		8E54903C21F4DA590046C963 /* ChoixDeTempsViewController.swift in Sources */ = {isa = PBXBuildFile; fileRef = 8E54903321F4DA580046C963 /* ChoixDeTempsViewController.swift */; };
		8E54903D21F4DA590046C963 /* UnwindSegueChoice.swift in Sources */ = {isa = PBXBuildFile; fileRef = 8E54903421F4DA580046C963 /* UnwindSegueChoice.swift */; };
		8E54903E21F4DA590046C963 /* Sentence.swift in Sources */ = {isa = PBXBuildFile; fileRef = 8E54903521F4DA580046C963 /* Sentence.swift */; };
		8E54903F21F4DA590046C963 /* ContextuelQuizOptionController.swift in Sources */ = {isa = PBXBuildFile; fileRef = 8E54903621F4DA590046C963 /* ContextuelQuizOptionController.swift */; };
		8E54904121F4F4F60046C963 /* StatistiqueViewCell.swift in Sources */ = {isa = PBXBuildFile; fileRef = 8E54904021F4F4F60046C963 /* StatistiqueViewCell.swift */; };
		8E54904321F4F4FC0046C963 /* PieChartSetUp.swift in Sources */ = {isa = PBXBuildFile; fileRef = 8E54904221F4F4FC0046C963 /* PieChartSetUp.swift */; };
		8E54904521F53D950046C963 /* DictAvoirEtre.plist in Resources */ = {isa = PBXBuildFile; fileRef = 8E54904421F53D940046C963 /* DictAvoirEtre.plist */; };
		8E54906721F807B50046C963 /* ItalianVerbsList.plist in Resources */ = {isa = PBXBuildFile; fileRef = 8E54906621F807B40046C963 /* ItalianVerbsList.plist */; };
		8E7D26251FB91566003798E5 /* GoogleService-Info.plist in Resources */ = {isa = PBXBuildFile; fileRef = 8E7D26241FB91566003798E5 /* GoogleService-Info.plist */; };
		8E7F05EB1C2F2C36003A6F21 /* Assets.xcassets in Resources */ = {isa = PBXBuildFile; fileRef = 8E7F05EA1C2F2C36003A6F21 /* Assets.xcassets */; };
		8E7F05EE1C2F2C36003A6F21 /* LaunchScreen.storyboard in Resources */ = {isa = PBXBuildFile; fileRef = 8E7F05EC1C2F2C36003A6F21 /* LaunchScreen.storyboard */; };
		8E7F05F91C2F2C38003A6F21 /* QuizVerbesItaliensTests.swift in Sources */ = {isa = PBXBuildFile; fileRef = 8E7F05F81C2F2C38003A6F21 /* QuizVerbesItaliensTests.swift */; };
		8E7F06041C2F2C39003A6F21 /* QuizVerbesItaliensUITests.swift in Sources */ = {isa = PBXBuildFile; fileRef = 8E7F06031C2F2C39003A6F21 /* QuizVerbesItaliensUITests.swift */; };
		8E869BBA1FAFAC360067E835 /* LogoViewController.swift in Sources */ = {isa = PBXBuildFile; fileRef = 8E869BB91FAFAC360067E835 /* LogoViewController.swift */; };
		8E869BC41FAFB4810067E835 /* Acoustic Trio.wav in Resources */ = {isa = PBXBuildFile; fileRef = 8E869BC31FAFB4810067E835 /* Acoustic Trio.wav */; };
		8E869BC61FAFB4850067E835 /* Error Warning.wav in Resources */ = {isa = PBXBuildFile; fileRef = 8E869BC51FAFB4850067E835 /* Error Warning.wav */; };
		8E869BC81FAFB4890067E835 /* Incoming Text 01.wav in Resources */ = {isa = PBXBuildFile; fileRef = 8E869BC71FAFB4890067E835 /* Incoming Text 01.wav */; };
		8E869BD01FAFB9FD0067E835 /* TempsVerbesChoisisViewController.swift in Sources */ = {isa = PBXBuildFile; fileRef = 8E869BCF1FAFB9FD0067E835 /* TempsVerbesChoisisViewController.swift */; };
		8E869BD21FAFBBA00067E835 /* RandomNumberGenerator.swift in Sources */ = {isa = PBXBuildFile; fileRef = 8E869BD11FAFBBA00067E835 /* RandomNumberGenerator.swift */; };
		8E9604692694FC7F002CFE68 /* Localizable.strings in Resources */ = {isa = PBXBuildFile; fileRef = 8E96046B2694FC7F002CFE68 /* Localizable.strings */; };
		8E9858AB2694FE46001085B2 /* Main.storyboard in Resources */ = {isa = PBXBuildFile; fileRef = 8E9858AD2694FE46001085B2 /* Main.storyboard */; };
		8EA926131DDCD7BE00A34E95 /* AppDelegate.swift in Sources */ = {isa = PBXBuildFile; fileRef = 8E7F05E31C2F2C35003A6F21 /* AppDelegate.swift */; };
		8EAE0D3C2220A17F000E90E8 /* VerbInfinitif.swift in Sources */ = {isa = PBXBuildFile; fileRef = 8EAE0D3B2220A17F000E90E8 /* VerbInfinitif.swift */; };
		8EAE0D3E2220A18C000E90E8 /* ModeAndTempStruct.swift in Sources */ = {isa = PBXBuildFile; fileRef = 8EAE0D3D2220A18C000E90E8 /* ModeAndTempStruct.swift */; };
		8EAE0D402220A1FF000E90E8 /* Verb.swift in Sources */ = {isa = PBXBuildFile; fileRef = 8EAE0D3F2220A1FF000E90E8 /* Verb.swift */; };
		8EAE0D422220A218000E90E8 /* ChosenVerb.swift in Sources */ = {isa = PBXBuildFile; fileRef = 8EAE0D412220A218000E90E8 /* ChosenVerb.swift */; };
		8EAE0D442220A260000E90E8 /* ChoixDuPronom.swift in Sources */ = {isa = PBXBuildFile; fileRef = 8EAE0D432220A260000E90E8 /* ChoixDuPronom.swift */; };
		8EAE0D482220AF7E000E90E8 /* SelectVerbsForQuiz.swift in Sources */ = {isa = PBXBuildFile; fileRef = 8EAE0D472220AF7E000E90E8 /* SelectVerbsForQuiz.swift */; };
		8EAE0D4A2220AF8A000E90E8 /* ResponseEvaluation.swift in Sources */ = {isa = PBXBuildFile; fileRef = 8EAE0D492220AF89000E90E8 /* ResponseEvaluation.swift */; };
		8EAE0D4C2220B610000E90E8 /* QuizQuestion.swift in Sources */ = {isa = PBXBuildFile; fileRef = 8EAE0D4B2220B60F000E90E8 /* QuizQuestion.swift */; };
		8EB3E8E21EB53C100042B592 /* VerbesFrancais.xcdatamodeld in Sources */ = {isa = PBXBuildFile; fileRef = 8EB3E8E01EB53C100042B592 /* VerbesFrancais.xcdatamodeld */; };
		8EB3E8E51EB53CE00042B592 /* ItemVerbe+CoreDataClass.swift in Sources */ = {isa = PBXBuildFile; fileRef = 8EB3E8E31EB53CE00042B592 /* ItemVerbe+CoreDataClass.swift */; };
		8EB3E8E61EB53CE00042B592 /* ItemVerbe+CoreDataProperties.swift in Sources */ = {isa = PBXBuildFile; fileRef = 8EB3E8E41EB53CE00042B592 /* ItemVerbe+CoreDataProperties.swift */; };
		8EC1D8D4268BA55200D011E7 /* FetchResultFoeOneTemp.swift in Sources */ = {isa = PBXBuildFile; fileRef = 8EC1D8D3268BA55200D011E7 /* FetchResultFoeOneTemp.swift */; };
		8ECFBC9A1FB3FD3200B8B93F /* FrenchEnglish.swift in Sources */ = {isa = PBXBuildFile; fileRef = 8ECFBC991FB3FD3200B8B93F /* FrenchEnglish.swift */; };
/* End PBXBuildFile section */

/* Begin PBXContainerItemProxy section */
		8E1CA802269A2685004A08D4 /* PBXContainerItemProxy */ = {
			isa = PBXContainerItemProxy;
			containerPortal = 8E7F05D81C2F2C34003A6F21 /* Project object */;
			proxyType = 1;
			remoteGlobalIDString = 8E7F05DF1C2F2C35003A6F21;
			remoteInfo = QuizVerbesItaliens;
		};
		8E7F05F51C2F2C37003A6F21 /* PBXContainerItemProxy */ = {
			isa = PBXContainerItemProxy;
			containerPortal = 8E7F05D81C2F2C34003A6F21 /* Project object */;
			proxyType = 1;
			remoteGlobalIDString = 8E7F05DF1C2F2C35003A6F21;
			remoteInfo = QuizVerbesItaliens;
		};
		8E7F06001C2F2C39003A6F21 /* PBXContainerItemProxy */ = {
			isa = PBXContainerItemProxy;
			containerPortal = 8E7F05D81C2F2C34003A6F21 /* Project object */;
			proxyType = 1;
			remoteGlobalIDString = 8E7F05DF1C2F2C35003A6F21;
			remoteInfo = QuizVerbesItaliens;
		};
/* End PBXContainerItemProxy section */

/* Begin PBXFileReference section */
		2080DC4AE57270D4AA3A3BC5 /* Pods-QuizVerbesItaliensUITests.release.xcconfig */ = {isa = PBXFileReference; includeInIndex = 1; lastKnownFileType = text.xcconfig; name = "Pods-QuizVerbesItaliensUITests.release.xcconfig"; path = "Pods/Target Support Files/Pods-QuizVerbesItaliensUITests/Pods-QuizVerbesItaliensUITests.release.xcconfig"; sourceTree = "<group>"; };
		8E175BB726826DAB009D627D /* FetchRequestForVerb.swift */ = {isa = PBXFileReference; fileEncoding = 4; lastKnownFileType = sourcecode.swift; path = FetchRequestForVerb.swift; sourceTree = "<group>"; };
		8E175BC126826FB4009D627D /* DetailStatTableViewController.swift */ = {isa = PBXFileReference; lastKnownFileType = sourcecode.swift; path = DetailStatTableViewController.swift; sourceTree = "<group>"; };
		8E175BC626827A80009D627D /* FirstStatTableViewCell.swift */ = {isa = PBXFileReference; lastKnownFileType = sourcecode.swift; path = FirstStatTableViewCell.swift; sourceTree = "<group>"; };
		8E1CA7FD269A2685004A08D4 /* QuizVerbesItaliensFLUITests.xctest */ = {isa = PBXFileReference; explicitFileType = wrapper.cfbundle; includeInIndex = 0; name = QuizVerbesItaliensFLUITests.xctest; path = "/Users/normandmartin/Desktop/IOSProjects/QuizVerbesItaliens/build/Debug-iphoneos/QuizVerbesItaliensFLUITests.xctest"; sourceTree = "<absolute>"; };
		8E1D3DDE1EB51F6800482BC9 /* OptionsViewController.swift */ = {isa = PBXFileReference; fileEncoding = 4; lastKnownFileType = sourcecode.swift; path = OptionsViewController.swift; sourceTree = "<group>"; };
		8E1D3DE01EB51F7200482BC9 /* VerbListViewController.swift */ = {isa = PBXFileReference; fileEncoding = 4; lastKnownFileType = sourcecode.swift; path = VerbListViewController.swift; sourceTree = "<group>"; };
		8E1D3DE21EB51F7E00482BC9 /* tempsDeVerbeTableViewController.swift */ = {isa = PBXFileReference; fileEncoding = 4; lastKnownFileType = sourcecode.swift; path = tempsDeVerbeTableViewController.swift; sourceTree = "<group>"; };
		8E1D3DE41EB51F8A00482BC9 /* FinalVerbeViewController.swift */ = {isa = PBXFileReference; fileEncoding = 4; lastKnownFileType = sourcecode.swift; path = FinalVerbeViewController.swift; sourceTree = "<group>"; };
		8E1D3DE61EB51F9100482BC9 /* QuizOptionsController.swift */ = {isa = PBXFileReference; fileEncoding = 4; lastKnownFileType = sourcecode.swift; path = QuizOptionsController.swift; sourceTree = "<group>"; };
		8E1D3DE81EB51F9D00482BC9 /* QuizController.swift */ = {isa = PBXFileReference; fileEncoding = 4; lastKnownFileType = sourcecode.swift; path = QuizController.swift; sourceTree = "<group>"; };
		8E1D3DEA1EB51FA800482BC9 /* ResultViewController.swift */ = {isa = PBXFileReference; fileEncoding = 4; lastKnownFileType = sourcecode.swift; path = ResultViewController.swift; sourceTree = "<group>"; };
		8E1D3DEC1EB51FB200482BC9 /* StatistiqueTableViewController.swift */ = {isa = PBXFileReference; fileEncoding = 4; lastKnownFileType = sourcecode.swift; path = StatistiqueTableViewController.swift; sourceTree = "<group>"; };
		8E1D3DEE1EB51FFA00482BC9 /* DataStructure.swift */ = {isa = PBXFileReference; fileEncoding = 4; lastKnownFileType = sourcecode.swift; path = DataStructure.swift; sourceTree = "<group>"; };
		8E4458681FAE606B0097489C /* SpecificVerbViewController.swift */ = {isa = PBXFileReference; lastKnownFileType = sourcecode.swift; path = SpecificVerbViewController.swift; sourceTree = "<group>"; };
		8E48A2302693A40200545F86 /* SoundOption.swift */ = {isa = PBXFileReference; fileEncoding = 4; lastKnownFileType = sourcecode.swift; path = SoundOption.swift; sourceTree = "<group>"; };
		8E48A2352693ABE400545F86 /* chime_clickbell_octave_up.mp3 */ = {isa = PBXFileReference; lastKnownFileType = audio.mp3; path = chime_clickbell_octave_up.mp3; sourceTree = "<group>"; };
		8E48A23A2693ABF100545F86 /* etc_error_drum.mp3 */ = {isa = PBXFileReference; lastKnownFileType = audio.mp3; path = etc_error_drum.mp3; sourceTree = "<group>"; };
		8E48A2422694DA7C00545F86 /* SoundPlayer.swift */ = {isa = PBXFileReference; fileEncoding = 4; lastKnownFileType = sourcecode.swift; path = SoundPlayer.swift; sourceTree = "<group>"; };
		8E48A24A2694F24300545F86 /* extensionLocalisation.swift */ = {isa = PBXFileReference; lastKnownFileType = sourcecode.swift; path = extensionLocalisation.swift; sourceTree = "<group>"; };
		8E548DD321EA7CA20046C963 /* ContextuelItalien.plist */ = {isa = PBXFileReference; fileEncoding = 4; lastKnownFileType = text.plist.xml; path = ContextuelItalien.plist; sourceTree = "<group>"; };
		8E548FBF21EE933B0046C963 /* FrenchToEnglish.plist */ = {isa = PBXFileReference; fileEncoding = 4; lastKnownFileType = text.plist.xml; path = FrenchToEnglish.plist; sourceTree = "<group>"; };
		8E548FC121F3CB910046C963 /* FontsAndConstraintsOptions.swift */ = {isa = PBXFileReference; fileEncoding = 4; lastKnownFileType = sourcecode.swift; path = FontsAndConstraintsOptions.swift; sourceTree = "<group>"; };
		8E548FC721F3CF630046C963 /* ScreenDimension.swift */ = {isa = PBXFileReference; fileEncoding = 4; lastKnownFileType = sourcecode.swift; path = ScreenDimension.swift; sourceTree = "<group>"; };
		8E54902E21F4DA580046C963 /* ChoixFacileVerbeConjugue.swift */ = {isa = PBXFileReference; fileEncoding = 4; lastKnownFileType = sourcecode.swift; path = ChoixFacileVerbeConjugue.swift; sourceTree = "<group>"; };
		8E54902F21F4DA580046C963 /* Auxiliere.swift */ = {isa = PBXFileReference; fileEncoding = 4; lastKnownFileType = sourcecode.swift; path = Auxiliere.swift; sourceTree = "<group>"; };
		8E54903021F4DA580046C963 /* DifficultyLevel.swift */ = {isa = PBXFileReference; fileEncoding = 4; lastKnownFileType = sourcecode.swift; path = DifficultyLevel.swift; sourceTree = "<group>"; };
		8E54903121F4DA580046C963 /* ContextuelQuizViewController.swift */ = {isa = PBXFileReference; fileEncoding = 4; lastKnownFileType = sourcecode.swift; path = ContextuelQuizViewController.swift; sourceTree = "<group>"; };
		8E54903221F4DA580046C963 /* TextFieldProperties.swift */ = {isa = PBXFileReference; fileEncoding = 4; lastKnownFileType = sourcecode.swift; path = TextFieldProperties.swift; sourceTree = "<group>"; };
		8E54903321F4DA580046C963 /* ChoixDeTempsViewController.swift */ = {isa = PBXFileReference; fileEncoding = 4; lastKnownFileType = sourcecode.swift; path = ChoixDeTempsViewController.swift; sourceTree = "<group>"; };
		8E54903421F4DA580046C963 /* UnwindSegueChoice.swift */ = {isa = PBXFileReference; fileEncoding = 4; lastKnownFileType = sourcecode.swift; path = UnwindSegueChoice.swift; sourceTree = "<group>"; };
		8E54903521F4DA580046C963 /* Sentence.swift */ = {isa = PBXFileReference; fileEncoding = 4; lastKnownFileType = sourcecode.swift; path = Sentence.swift; sourceTree = "<group>"; };
		8E54903621F4DA590046C963 /* ContextuelQuizOptionController.swift */ = {isa = PBXFileReference; fileEncoding = 4; lastKnownFileType = sourcecode.swift; path = ContextuelQuizOptionController.swift; sourceTree = "<group>"; };
		8E54904021F4F4F60046C963 /* StatistiqueViewCell.swift */ = {isa = PBXFileReference; fileEncoding = 4; lastKnownFileType = sourcecode.swift; path = StatistiqueViewCell.swift; sourceTree = "<group>"; };
		8E54904221F4F4FC0046C963 /* PieChartSetUp.swift */ = {isa = PBXFileReference; fileEncoding = 4; lastKnownFileType = sourcecode.swift; path = PieChartSetUp.swift; sourceTree = "<group>"; };
		8E54904421F53D940046C963 /* DictAvoirEtre.plist */ = {isa = PBXFileReference; fileEncoding = 4; lastKnownFileType = text.plist.xml; path = DictAvoirEtre.plist; sourceTree = "<group>"; };
		8E54906621F807B40046C963 /* ItalianVerbsList.plist */ = {isa = PBXFileReference; fileEncoding = 4; lastKnownFileType = text.plist.xml; path = ItalianVerbsList.plist; sourceTree = "<group>"; };
		8E7D26241FB91566003798E5 /* GoogleService-Info.plist */ = {isa = PBXFileReference; fileEncoding = 4; lastKnownFileType = text.plist.xml; path = "GoogleService-Info.plist"; sourceTree = "<group>"; };
		8E7D26261FB91572003798E5 /* GoogleService-Info.plist */ = {isa = PBXFileReference; fileEncoding = 4; lastKnownFileType = text.plist.xml; path = "GoogleService-Info.plist"; sourceTree = "<group>"; };
		8E7D26281FB9157B003798E5 /* GoogleService-Info.plist */ = {isa = PBXFileReference; fileEncoding = 4; lastKnownFileType = text.plist.xml; path = "GoogleService-Info.plist"; sourceTree = "<group>"; };
		8E7F05E01C2F2C35003A6F21 /* QuizVerbesItaliens.app */ = {isa = PBXFileReference; explicitFileType = wrapper.application; includeInIndex = 0; path = QuizVerbesItaliens.app; sourceTree = BUILT_PRODUCTS_DIR; };
		8E7F05E31C2F2C35003A6F21 /* AppDelegate.swift */ = {isa = PBXFileReference; lastKnownFileType = sourcecode.swift; path = AppDelegate.swift; sourceTree = "<group>"; };
		8E7F05EA1C2F2C36003A6F21 /* Assets.xcassets */ = {isa = PBXFileReference; lastKnownFileType = folder.assetcatalog; path = Assets.xcassets; sourceTree = "<group>"; };
		8E7F05ED1C2F2C36003A6F21 /* Base */ = {isa = PBXFileReference; lastKnownFileType = file.storyboard; name = Base; path = Base.lproj/LaunchScreen.storyboard; sourceTree = "<group>"; };
		8E7F05EF1C2F2C36003A6F21 /* Info.plist */ = {isa = PBXFileReference; lastKnownFileType = text.plist.xml; path = Info.plist; sourceTree = "<group>"; };
		8E7F05F41C2F2C37003A6F21 /* Tests.xctest */ = {isa = PBXFileReference; explicitFileType = wrapper.cfbundle; includeInIndex = 0; path = Tests.xctest; sourceTree = BUILT_PRODUCTS_DIR; };
		8E7F05F81C2F2C38003A6F21 /* QuizVerbesItaliensTests.swift */ = {isa = PBXFileReference; lastKnownFileType = sourcecode.swift; name = QuizVerbesItaliensTests.swift; path = QuizVerbesItaliensTests/QuizVerbesItaliensTests.swift; sourceTree = SOURCE_ROOT; };
		8E7F05FA1C2F2C38003A6F21 /* Info.plist */ = {isa = PBXFileReference; lastKnownFileType = text.plist.xml; name = Info.plist; path = QuizVerbesItaliensTests/Info.plist; sourceTree = SOURCE_ROOT; };
		8E7F05FF1C2F2C39003A6F21 /* Tests.xctest */ = {isa = PBXFileReference; explicitFileType = wrapper.cfbundle; includeInIndex = 0; path = Tests.xctest; sourceTree = BUILT_PRODUCTS_DIR; };
		8E7F06031C2F2C39003A6F21 /* QuizVerbesItaliensUITests.swift */ = {isa = PBXFileReference; lastKnownFileType = sourcecode.swift; name = QuizVerbesItaliensUITests.swift; path = QuizVerbesItaliensUITests/QuizVerbesItaliensUITests.swift; sourceTree = SOURCE_ROOT; };
		8E7F06051C2F2C39003A6F21 /* Info.plist */ = {isa = PBXFileReference; lastKnownFileType = text.plist.xml; name = Info.plist; path = QuizVerbesItaliensUITests/Info.plist; sourceTree = SOURCE_ROOT; };
		8E869BB91FAFAC360067E835 /* LogoViewController.swift */ = {isa = PBXFileReference; lastKnownFileType = sourcecode.swift; path = LogoViewController.swift; sourceTree = "<group>"; };
		8E869BC31FAFB4810067E835 /* Acoustic Trio.wav */ = {isa = PBXFileReference; lastKnownFileType = audio.wav; path = "Acoustic Trio.wav"; sourceTree = "<group>"; };
		8E869BC51FAFB4850067E835 /* Error Warning.wav */ = {isa = PBXFileReference; lastKnownFileType = audio.wav; path = "Error Warning.wav"; sourceTree = "<group>"; };
		8E869BC71FAFB4890067E835 /* Incoming Text 01.wav */ = {isa = PBXFileReference; lastKnownFileType = audio.wav; path = "Incoming Text 01.wav"; sourceTree = "<group>"; };
		8E869BCF1FAFB9FD0067E835 /* TempsVerbesChoisisViewController.swift */ = {isa = PBXFileReference; fileEncoding = 4; lastKnownFileType = sourcecode.swift; path = TempsVerbesChoisisViewController.swift; sourceTree = "<group>"; };
		8E869BD11FAFBBA00067E835 /* RandomNumberGenerator.swift */ = {isa = PBXFileReference; fileEncoding = 4; lastKnownFileType = sourcecode.swift; path = RandomNumberGenerator.swift; sourceTree = "<group>"; };
		8E96046A2694FC7F002CFE68 /* en */ = {isa = PBXFileReference; lastKnownFileType = text.plist.strings; name = en; path = en.lproj/Localizable.strings; sourceTree = "<group>"; };
		8E9858AC2694FE46001085B2 /* Base */ = {isa = PBXFileReference; lastKnownFileType = file.storyboard; name = Base; path = Base.lproj/Main.storyboard; sourceTree = "<group>"; };
		8E9858AE2694FE61001085B2 /* es */ = {isa = PBXFileReference; lastKnownFileType = text.plist.strings; name = es; path = es.lproj/Main.strings; sourceTree = "<group>"; };
		8E9858AF2694FE61001085B2 /* es */ = {isa = PBXFileReference; lastKnownFileType = text.plist.strings; name = es; path = es.lproj/LaunchScreen.strings; sourceTree = "<group>"; };
		8E9858B02694FEA1001085B2 /* es */ = {isa = PBXFileReference; lastKnownFileType = text.plist.strings; name = es; path = es.lproj/Localizable.strings; sourceTree = "<group>"; };
		8E9858B12694FEF1001085B2 /* fr */ = {isa = PBXFileReference; lastKnownFileType = text.plist.strings; name = fr; path = fr.lproj/Main.strings; sourceTree = "<group>"; };
		8E9858B22694FEF1001085B2 /* fr */ = {isa = PBXFileReference; lastKnownFileType = text.plist.strings; name = fr; path = fr.lproj/LaunchScreen.strings; sourceTree = "<group>"; };
		8E9858B32694FF8E001085B2 /* fr */ = {isa = PBXFileReference; lastKnownFileType = text.plist.strings; name = fr; path = fr.lproj/Localizable.strings; sourceTree = "<group>"; };
		8E9858B42694FF9D001085B2 /* it */ = {isa = PBXFileReference; lastKnownFileType = text.plist.strings; name = it; path = it.lproj/Main.strings; sourceTree = "<group>"; };
		8E9858B52694FF9D001085B2 /* it */ = {isa = PBXFileReference; lastKnownFileType = text.plist.strings; name = it; path = it.lproj/LaunchScreen.strings; sourceTree = "<group>"; };
		8E9858B62694FFAD001085B2 /* it */ = {isa = PBXFileReference; lastKnownFileType = text.plist.strings; name = it; path = it.lproj/Localizable.strings; sourceTree = "<group>"; };
		8E9858B726960E93001085B2 /* en-US */ = {isa = PBXFileReference; lastKnownFileType = text.plist.strings; name = "en-US"; path = "en-US.lproj/Main.strings"; sourceTree = "<group>"; };
		8E9858B826960E93001085B2 /* en-US */ = {isa = PBXFileReference; lastKnownFileType = text.plist.strings; name = "en-US"; path = "en-US.lproj/LaunchScreen.strings"; sourceTree = "<group>"; };
		8E9858B926960E94001085B2 /* en-US */ = {isa = PBXFileReference; lastKnownFileType = text.plist.strings; name = "en-US"; path = "en-US.lproj/Localizable.strings"; sourceTree = "<group>"; };
		8E9858BA26960E9F001085B2 /* en-GB */ = {isa = PBXFileReference; lastKnownFileType = text.plist.strings; name = "en-GB"; path = "en-GB.lproj/Main.strings"; sourceTree = "<group>"; };
		8E9858BB26960EA0001085B2 /* en-GB */ = {isa = PBXFileReference; lastKnownFileType = text.plist.strings; name = "en-GB"; path = "en-GB.lproj/LaunchScreen.strings"; sourceTree = "<group>"; };
		8E9858BC26960EA0001085B2 /* en-GB */ = {isa = PBXFileReference; lastKnownFileType = text.plist.strings; name = "en-GB"; path = "en-GB.lproj/Localizable.strings"; sourceTree = "<group>"; };
		8E9858BD26960EA8001085B2 /* en-AU */ = {isa = PBXFileReference; lastKnownFileType = text.plist.strings; name = "en-AU"; path = "en-AU.lproj/Main.strings"; sourceTree = "<group>"; };
		8E9858BE26960EA8001085B2 /* en-AU */ = {isa = PBXFileReference; lastKnownFileType = text.plist.strings; name = "en-AU"; path = "en-AU.lproj/LaunchScreen.strings"; sourceTree = "<group>"; };
		8E9858BF26960EA8001085B2 /* en-AU */ = {isa = PBXFileReference; lastKnownFileType = text.plist.strings; name = "en-AU"; path = "en-AU.lproj/Localizable.strings"; sourceTree = "<group>"; };
		8E9858C026960ED6001085B2 /* en-CA */ = {isa = PBXFileReference; lastKnownFileType = text.plist.strings; name = "en-CA"; path = "en-CA.lproj/Main.strings"; sourceTree = "<group>"; };
		8E9858C126960ED6001085B2 /* en-CA */ = {isa = PBXFileReference; lastKnownFileType = text.plist.strings; name = "en-CA"; path = "en-CA.lproj/LaunchScreen.strings"; sourceTree = "<group>"; };
		8E9858C226960ED6001085B2 /* en-CA */ = {isa = PBXFileReference; lastKnownFileType = text.plist.strings; name = "en-CA"; path = "en-CA.lproj/Localizable.strings"; sourceTree = "<group>"; };
		8EAE0D3B2220A17F000E90E8 /* VerbInfinitif.swift */ = {isa = PBXFileReference; fileEncoding = 4; lastKnownFileType = sourcecode.swift; path = VerbInfinitif.swift; sourceTree = "<group>"; };
		8EAE0D3D2220A18C000E90E8 /* ModeAndTempStruct.swift */ = {isa = PBXFileReference; fileEncoding = 4; lastKnownFileType = sourcecode.swift; path = ModeAndTempStruct.swift; sourceTree = "<group>"; };
		8EAE0D3F2220A1FF000E90E8 /* Verb.swift */ = {isa = PBXFileReference; fileEncoding = 4; lastKnownFileType = sourcecode.swift; path = Verb.swift; sourceTree = "<group>"; };
		8EAE0D412220A218000E90E8 /* ChosenVerb.swift */ = {isa = PBXFileReference; fileEncoding = 4; lastKnownFileType = sourcecode.swift; path = ChosenVerb.swift; sourceTree = "<group>"; };
		8EAE0D432220A260000E90E8 /* ChoixDuPronom.swift */ = {isa = PBXFileReference; fileEncoding = 4; lastKnownFileType = sourcecode.swift; path = ChoixDuPronom.swift; sourceTree = "<group>"; };
		8EAE0D472220AF7E000E90E8 /* SelectVerbsForQuiz.swift */ = {isa = PBXFileReference; fileEncoding = 4; lastKnownFileType = sourcecode.swift; path = SelectVerbsForQuiz.swift; sourceTree = "<group>"; };
		8EAE0D492220AF89000E90E8 /* ResponseEvaluation.swift */ = {isa = PBXFileReference; fileEncoding = 4; lastKnownFileType = sourcecode.swift; path = ResponseEvaluation.swift; sourceTree = "<group>"; };
		8EAE0D4B2220B60F000E90E8 /* QuizQuestion.swift */ = {isa = PBXFileReference; fileEncoding = 4; lastKnownFileType = sourcecode.swift; path = QuizQuestion.swift; sourceTree = "<group>"; };
		8EB3E8E11EB53C100042B592 /* VerbesFrancais.xcdatamodel */ = {isa = PBXFileReference; lastKnownFileType = wrapper.xcdatamodel; path = VerbesFrancais.xcdatamodel; sourceTree = "<group>"; };
		8EB3E8E31EB53CE00042B592 /* ItemVerbe+CoreDataClass.swift */ = {isa = PBXFileReference; fileEncoding = 4; lastKnownFileType = sourcecode.swift; name = "ItemVerbe+CoreDataClass.swift"; path = "../ItemVerbe+CoreDataClass.swift"; sourceTree = "<group>"; };
		8EB3E8E41EB53CE00042B592 /* ItemVerbe+CoreDataProperties.swift */ = {isa = PBXFileReference; fileEncoding = 4; lastKnownFileType = sourcecode.swift; name = "ItemVerbe+CoreDataProperties.swift"; path = "../ItemVerbe+CoreDataProperties.swift"; sourceTree = "<group>"; };
		8EC1D8D3268BA55200D011E7 /* FetchResultFoeOneTemp.swift */ = {isa = PBXFileReference; lastKnownFileType = sourcecode.swift; path = FetchResultFoeOneTemp.swift; sourceTree = "<group>"; };
		8ECFBC991FB3FD3200B8B93F /* FrenchEnglish.swift */ = {isa = PBXFileReference; lastKnownFileType = sourcecode.swift; path = FrenchEnglish.swift; sourceTree = "<group>"; };
		94930711F991120EB3900159 /* Pods_QuizVerbesItaliens.framework */ = {isa = PBXFileReference; explicitFileType = wrapper.framework; includeInIndex = 0; path = Pods_QuizVerbesItaliens.framework; sourceTree = BUILT_PRODUCTS_DIR; };
		A5F611F9B6CAABC367EB6B75 /* Pods_QuizVerbesItaliensUITests.framework */ = {isa = PBXFileReference; explicitFileType = wrapper.framework; includeInIndex = 0; path = Pods_QuizVerbesItaliensUITests.framework; sourceTree = BUILT_PRODUCTS_DIR; };
		BC17CF029D9C83E4EB095DDE /* Pods-QuizVerbesItaliens.debug.xcconfig */ = {isa = PBXFileReference; includeInIndex = 1; lastKnownFileType = text.xcconfig; name = "Pods-QuizVerbesItaliens.debug.xcconfig"; path = "Pods/Target Support Files/Pods-QuizVerbesItaliens/Pods-QuizVerbesItaliens.debug.xcconfig"; sourceTree = "<group>"; };
		C8A032E411A7E485DED35FBF /* Pods-QuizVerbesItaliensUITests.debug.xcconfig */ = {isa = PBXFileReference; includeInIndex = 1; lastKnownFileType = text.xcconfig; name = "Pods-QuizVerbesItaliensUITests.debug.xcconfig"; path = "Pods/Target Support Files/Pods-QuizVerbesItaliensUITests/Pods-QuizVerbesItaliensUITests.debug.xcconfig"; sourceTree = "<group>"; };
		D68790DFCE50A00BA4287989 /* Pods-QuizVerbesItaliensTests.debug.xcconfig */ = {isa = PBXFileReference; includeInIndex = 1; lastKnownFileType = text.xcconfig; name = "Pods-QuizVerbesItaliensTests.debug.xcconfig"; path = "Pods/Target Support Files/Pods-QuizVerbesItaliensTests/Pods-QuizVerbesItaliensTests.debug.xcconfig"; sourceTree = "<group>"; };
		DD3BDF5EDEA6C60FE138E81A /* Pods_QuizVerbesItaliensTests.framework */ = {isa = PBXFileReference; explicitFileType = wrapper.framework; includeInIndex = 0; path = Pods_QuizVerbesItaliensTests.framework; sourceTree = BUILT_PRODUCTS_DIR; };
		E7153649C1DC5C597B15B332 /* Pods-QuizVerbesItaliensTests.release.xcconfig */ = {isa = PBXFileReference; includeInIndex = 1; lastKnownFileType = text.xcconfig; name = "Pods-QuizVerbesItaliensTests.release.xcconfig"; path = "Pods/Target Support Files/Pods-QuizVerbesItaliensTests/Pods-QuizVerbesItaliensTests.release.xcconfig"; sourceTree = "<group>"; };
		F8A13720CCFC2758131E2681 /* Pods-QuizVerbesItaliens.release.xcconfig */ = {isa = PBXFileReference; includeInIndex = 1; lastKnownFileType = text.xcconfig; name = "Pods-QuizVerbesItaliens.release.xcconfig"; path = "Pods/Target Support Files/Pods-QuizVerbesItaliens/Pods-QuizVerbesItaliens.release.xcconfig"; sourceTree = "<group>"; };
/* End PBXFileReference section */

/* Begin PBXFrameworksBuildPhase section */
		8E1CA7FA269A2685004A08D4 /* Frameworks */ = {
			isa = PBXFrameworksBuildPhase;
			buildActionMask = 2147483647;
			files = (
			);
			runOnlyForDeploymentPostprocessing = 0;
		};
		8E7F05DD1C2F2C35003A6F21 /* Frameworks */ = {
			isa = PBXFrameworksBuildPhase;
			buildActionMask = 2147483647;
			files = (
				83D80E37FEBDEF236800F268 /* Pods_QuizVerbesItaliens.framework in Frameworks */,
			);
			runOnlyForDeploymentPostprocessing = 0;
		};
		8E7F05F11C2F2C37003A6F21 /* Frameworks */ = {
			isa = PBXFrameworksBuildPhase;
			buildActionMask = 2147483647;
			files = (
				402BCEBF8CAF7722A8D5C75D /* Pods_QuizVerbesItaliensTests.framework in Frameworks */,
			);
			runOnlyForDeploymentPostprocessing = 0;
		};
		8E7F05FC1C2F2C38003A6F21 /* Frameworks */ = {
			isa = PBXFrameworksBuildPhase;
			buildActionMask = 2147483647;
			files = (
				7472E52B19E4A6F7002E3303 /* Pods_QuizVerbesItaliensUITests.framework in Frameworks */,
			);
			runOnlyForDeploymentPostprocessing = 0;
		};
/* End PBXFrameworksBuildPhase section */

/* Begin PBXGroup section */
		73D3E7EB3705DEB3E22BFADE /* Frameworks */ = {
			isa = PBXGroup;
			children = (
				94930711F991120EB3900159 /* Pods_QuizVerbesItaliens.framework */,
				DD3BDF5EDEA6C60FE138E81A /* Pods_QuizVerbesItaliensTests.framework */,
				A5F611F9B6CAABC367EB6B75 /* Pods_QuizVerbesItaliensUITests.framework */,
			);
			name = Frameworks;
			sourceTree = "<group>";
		};
		8E48F53A1C3B078A00C53A1D /* Data */ = {
			isa = PBXGroup;
			children = (
			);
			name = Data;
			sourceTree = "<group>";
		};
		8E548FC321F3CBB30046C963 /* IntroductionControllers */ = {
			isa = PBXGroup;
			children = (
				8E7F05EC1C2F2C36003A6F21 /* LaunchScreen.storyboard */,
				8E869BB91FAFAC360067E835 /* LogoViewController.swift */,
				8E1D3DDE1EB51F6800482BC9 /* OptionsViewController.swift */,
				8E48A24A2694F24300545F86 /* extensionLocalisation.swift */,
			);
			path = IntroductionControllers;
			sourceTree = "<group>";
		};
		8E548FC521F3CC300046C963 /* ListeDeVerbes */ = {
			isa = PBXGroup;
			children = (
				8E1D3DE01EB51F7200482BC9 /* VerbListViewController.swift */,
				8E1D3DE21EB51F7E00482BC9 /* tempsDeVerbeTableViewController.swift */,
				8E1D3DE41EB51F8A00482BC9 /* FinalVerbeViewController.swift */,
				8EAE0D3B2220A17F000E90E8 /* VerbInfinitif.swift */,
				8EAE0D3D2220A18C000E90E8 /* ModeAndTempStruct.swift */,
				8EAE0D3F2220A1FF000E90E8 /* Verb.swift */,
				8EAE0D412220A218000E90E8 /* ChosenVerb.swift */,
				8EAE0D432220A260000E90E8 /* ChoixDuPronom.swift */,
			);
			path = ListeDeVerbes;
			sourceTree = "<group>";
		};
		8E548FC621F3CDD30046C963 /* StatisticView */ = {
			isa = PBXGroup;
			children = (
				8E175BC126826FB4009D627D /* DetailStatTableViewController.swift */,
				8E1D3DEC1EB51FB200482BC9 /* StatistiqueTableViewController.swift */,
				8E175BC626827A80009D627D /* FirstStatTableViewCell.swift */,
				8E54904021F4F4F60046C963 /* StatistiqueViewCell.swift */,
				8E54904221F4F4FC0046C963 /* PieChartSetUp.swift */,
				8E175BB726826DAB009D627D /* FetchRequestForVerb.swift */,
				8EC1D8D3268BA55200D011E7 /* FetchResultFoeOneTemp.swift */,
			);
			path = StatisticView;
			sourceTree = "<group>";
		};
		8E54902D21F4DA390046C963 /* ContextuelQuiz */ = {
			isa = PBXGroup;
			children = (
				8E54903621F4DA590046C963 /* ContextuelQuizOptionController.swift */,
				8E54903121F4DA580046C963 /* ContextuelQuizViewController.swift */,
				8E54903321F4DA580046C963 /* ChoixDeTempsViewController.swift */,
				8E54903021F4DA580046C963 /* DifficultyLevel.swift */,
				8E54902E21F4DA580046C963 /* ChoixFacileVerbeConjugue.swift */,
				8E54903521F4DA580046C963 /* Sentence.swift */,
				8E54903221F4DA580046C963 /* TextFieldProperties.swift */,
				8E54903421F4DA580046C963 /* UnwindSegueChoice.swift */,
				8E54902F21F4DA580046C963 /* Auxiliere.swift */,
			);
			path = ContextuelQuiz;
			sourceTree = "<group>";
		};
		8E7F05D71C2F2C34003A6F21 = {
			isa = PBXGroup;
			children = (
				8E7F05E21C2F2C35003A6F21 /* QuizVerbesItaliens */,
				ECEADE247AF2654BF90C9B59 /* Pods */,
				73D3E7EB3705DEB3E22BFADE /* Frameworks */,
			);
			sourceTree = "<group>";
		};
		8E7F05E11C2F2C35003A6F21 /* Products */ = {
			isa = PBXGroup;
			children = (
				8E7F05E01C2F2C35003A6F21 /* QuizVerbesItaliens.app */,
				8E7F05F41C2F2C37003A6F21 /* Tests.xctest */,
				8E7F05FF1C2F2C39003A6F21 /* Tests.xctest */,
			);
			name = Products;
			path = ..;
			sourceTree = "<group>";
		};
		8E7F05E21C2F2C35003A6F21 /* QuizVerbesItaliens */ = {
			isa = PBXGroup;
			children = (
				8E9858AD2694FE46001085B2 /* Main.storyboard */,
				8E7F05E31C2F2C35003A6F21 /* AppDelegate.swift */,
				8E548FBF21EE933B0046C963 /* FrenchToEnglish.plist */,
				8E54906621F807B40046C963 /* ItalianVerbsList.plist */,
				8E54904421F53D940046C963 /* DictAvoirEtre.plist */,
				8E548DD321EA7CA20046C963 /* ContextuelItalien.plist */,
				8E96046B2694FC7F002CFE68 /* Localizable.strings */,
				8E548FC321F3CBB30046C963 /* IntroductionControllers */,
				8E548FC521F3CC300046C963 /* ListeDeVerbes */,
				8E869BCA1FAFB96C0067E835 /* Quiz Controller */,
				8E54902D21F4DA390046C963 /* ContextuelQuiz */,
				8E548FC621F3CDD30046C963 /* StatisticView */,
				8E1D3DEE1EB51FFA00482BC9 /* DataStructure.swift */,
				8E7F05EA1C2F2C36003A6F21 /* Assets.xcassets */,
				8E548FC121F3CB910046C963 /* FontsAndConstraintsOptions.swift */,
				8E548FC721F3CF630046C963 /* ScreenDimension.swift */,
				8E869BC91FAFB49D0067E835 /* sound */,
				8EB3E8E01EB53C100042B592 /* VerbesFrancais.xcdatamodeld */,
				8EB3E8E41EB53CE00042B592 /* ItemVerbe+CoreDataProperties.swift */,
				8EB3E8E31EB53CE00042B592 /* ItemVerbe+CoreDataClass.swift */,
				8E869BD11FAFBBA00067E835 /* RandomNumberGenerator.swift */,
				8E48F53A1C3B078A00C53A1D /* Data */,
				8E7F05EF1C2F2C36003A6F21 /* Info.plist */,
				8E7D26241FB91566003798E5 /* GoogleService-Info.plist */,
				8E7F05F71C2F2C37003A6F21 /* QuizVerbesItaliensTests */,
				8E7F06021C2F2C39003A6F21 /* QuizVerbesItaliensUITests */,
				8E7F05E11C2F2C35003A6F21 /* Products */,
			);
			path = QuizVerbesItaliens;
			sourceTree = "<group>";
		};
		8E7F05F71C2F2C37003A6F21 /* QuizVerbesItaliensTests */ = {
			isa = PBXGroup;
			children = (
				8E7F05FA1C2F2C38003A6F21 /* Info.plist */,
				8E7F05F81C2F2C38003A6F21 /* QuizVerbesItaliensTests.swift */,
				8E7D26261FB91572003798E5 /* GoogleService-Info.plist */,
			);
			path = QuizVerbesItaliensTests;
			sourceTree = SOURCE_ROOT;
		};
		8E7F06021C2F2C39003A6F21 /* QuizVerbesItaliensUITests */ = {
			isa = PBXGroup;
			children = (
				8E7F06051C2F2C39003A6F21 /* Info.plist */,
				8E7F06031C2F2C39003A6F21 /* QuizVerbesItaliensUITests.swift */,
				8E7D26281FB9157B003798E5 /* GoogleService-Info.plist */,
			);
			path = QuizVerbesItaliensUITests;
			sourceTree = SOURCE_ROOT;
		};
		8E869BC91FAFB49D0067E835 /* sound */ = {
			isa = PBXGroup;
			children = (
				8E869BC51FAFB4850067E835 /* Error Warning.wav */,
				8E48A23A2693ABF100545F86 /* etc_error_drum.mp3 */,
				8E48A2352693ABE400545F86 /* chime_clickbell_octave_up.mp3 */,
				8E869BC71FAFB4890067E835 /* Incoming Text 01.wav */,
				8E869BC31FAFB4810067E835 /* Acoustic Trio.wav */,
			);
			path = sound;
			sourceTree = "<group>";
		};
		8E869BCA1FAFB96C0067E835 /* Quiz Controller */ = {
			isa = PBXGroup;
			children = (
				8E1D3DE61EB51F9100482BC9 /* QuizOptionsController.swift */,
				8E4458681FAE606B0097489C /* SpecificVerbViewController.swift */,
				8E1D3DE81EB51F9D00482BC9 /* QuizController.swift */,
				8E1D3DEA1EB51FA800482BC9 /* ResultViewController.swift */,
				8E869BCF1FAFB9FD0067E835 /* TempsVerbesChoisisViewController.swift */,
				8EAE0D4B2220B60F000E90E8 /* QuizQuestion.swift */,
				8E48A2302693A40200545F86 /* SoundOption.swift */,
				8E48A2422694DA7C00545F86 /* SoundPlayer.swift */,
				8EAE0D472220AF7E000E90E8 /* SelectVerbsForQuiz.swift */,
				8EAE0D492220AF89000E90E8 /* ResponseEvaluation.swift */,
				8ECFBC991FB3FD3200B8B93F /* FrenchEnglish.swift */,
			);
			path = "Quiz Controller";
			sourceTree = "<group>";
		};
		ECEADE247AF2654BF90C9B59 /* Pods */ = {
			isa = PBXGroup;
			children = (
				BC17CF029D9C83E4EB095DDE /* Pods-QuizVerbesItaliens.debug.xcconfig */,
				F8A13720CCFC2758131E2681 /* Pods-QuizVerbesItaliens.release.xcconfig */,
				D68790DFCE50A00BA4287989 /* Pods-QuizVerbesItaliensTests.debug.xcconfig */,
				E7153649C1DC5C597B15B332 /* Pods-QuizVerbesItaliensTests.release.xcconfig */,
				C8A032E411A7E485DED35FBF /* Pods-QuizVerbesItaliensUITests.debug.xcconfig */,
				2080DC4AE57270D4AA3A3BC5 /* Pods-QuizVerbesItaliensUITests.release.xcconfig */,
			);
			name = Pods;
			sourceTree = "<group>";
		};
/* End PBXGroup section */

/* Begin PBXNativeTarget section */
		8E1CA7FC269A2685004A08D4 /* QuizVerbesItaliensFLUITests */ = {
			isa = PBXNativeTarget;
			buildConfigurationList = 8E1CA804269A2685004A08D4 /* Build configuration list for PBXNativeTarget "QuizVerbesItaliensFLUITests" */;
			buildPhases = (
				8E1CA7F9269A2685004A08D4 /* Sources */,
				8E1CA7FA269A2685004A08D4 /* Frameworks */,
				8E1CA7FB269A2685004A08D4 /* Resources */,
			);
			buildRules = (
			);
			dependencies = (
				8E1CA803269A2685004A08D4 /* PBXTargetDependency */,
			);
			name = QuizVerbesItaliensFLUITests;
			productName = QuizVerbesItaliensFLUITests;
			productReference = 8E1CA7FD269A2685004A08D4 /* QuizVerbesItaliensFLUITests.xctest */;
			productType = "com.apple.product-type.bundle.ui-testing";
		};
		8E7F05DF1C2F2C35003A6F21 /* QuizVerbesItaliens */ = {
			isa = PBXNativeTarget;
			buildConfigurationList = 8E7F06081C2F2C3A003A6F21 /* Build configuration list for PBXNativeTarget "QuizVerbesItaliens" */;
			buildPhases = (
				48881825D779297ECEC521BB /* [CP] Check Pods Manifest.lock */,
				8E7F05DC1C2F2C35003A6F21 /* Sources */,
				8E7F05DD1C2F2C35003A6F21 /* Frameworks */,
				8E7F05DE1C2F2C35003A6F21 /* Resources */,
				8416355693B20D1C38C54F88 /* [CP] Embed Pods Frameworks */,
			);
			buildRules = (
			);
			dependencies = (
			);
			name = QuizVerbesItaliens;
			productName = QuizVerbesItaliens;
			productReference = 8E7F05E01C2F2C35003A6F21 /* QuizVerbesItaliens.app */;
			productType = "com.apple.product-type.application";
		};
		8E7F05F31C2F2C37003A6F21 /* QuizVerbesItaliensTests */ = {
			isa = PBXNativeTarget;
			buildConfigurationList = 8E7F060B1C2F2C3A003A6F21 /* Build configuration list for PBXNativeTarget "QuizVerbesItaliensTests" */;
			buildPhases = (
				1C78297A15824BE072F1656D /* [CP] Check Pods Manifest.lock */,
				8E7F05F01C2F2C37003A6F21 /* Sources */,
				8E7F05F11C2F2C37003A6F21 /* Frameworks */,
				8E7F05F21C2F2C37003A6F21 /* Resources */,
			);
			buildRules = (
			);
			dependencies = (
				8E7F05F61C2F2C37003A6F21 /* PBXTargetDependency */,
			);
			name = QuizVerbesItaliensTests;
			productName = QuizVerbesItaliensTests;
			productReference = 8E7F05F41C2F2C37003A6F21 /* Tests.xctest */;
			productType = "com.apple.product-type.bundle.unit-test";
		};
		8E7F05FE1C2F2C38003A6F21 /* QuizVerbesItaliensUITests */ = {
			isa = PBXNativeTarget;
			buildConfigurationList = 8E7F060E1C2F2C3A003A6F21 /* Build configuration list for PBXNativeTarget "QuizVerbesItaliensUITests" */;
			buildPhases = (
				C6D4A590BECD4F78D49A8C2D /* [CP] Check Pods Manifest.lock */,
				8E7F05FB1C2F2C38003A6F21 /* Sources */,
				8E7F05FC1C2F2C38003A6F21 /* Frameworks */,
				8E7F05FD1C2F2C38003A6F21 /* Resources */,
			);
			buildRules = (
			);
			dependencies = (
				8E7F06011C2F2C39003A6F21 /* PBXTargetDependency */,
			);
			name = QuizVerbesItaliensUITests;
			productName = QuizVerbesItaliensUITests;
			productReference = 8E7F05FF1C2F2C39003A6F21 /* Tests.xctest */;
			productType = "com.apple.product-type.bundle.ui-testing";
		};
/* End PBXNativeTarget section */

/* Begin PBXProject section */
		8E7F05D81C2F2C34003A6F21 /* Project object */ = {
			isa = PBXProject;
			attributes = {
				LastSwiftUpdateCheck = 1240;
				LastUpgradeCheck = 1200;
				ORGANIZATIONNAME = "Normand Martin";
				TargetAttributes = {
					8E1CA7FC269A2685004A08D4 = {
						CreatedOnToolsVersion = 12.4;
						DevelopmentTeam = X6D769Z7F4;
						ProvisioningStyle = Automatic;
						TestTargetID = 8E7F05DF1C2F2C35003A6F21;
					};
					8E7F05DF1C2F2C35003A6F21 = {
						CreatedOnToolsVersion = 7.2;
						DevelopmentTeam = X6D769Z7F4;
						LastSwiftMigration = 1020;
						ProvisioningStyle = Automatic;
						SystemCapabilities = {
							com.apple.SafariKeychain = {
								enabled = 0;
							};
							com.apple.iCloud = {
								enabled = 0;
							};
						};
					};
					8E7F05F31C2F2C37003A6F21 = {
						CreatedOnToolsVersion = 7.2;
						DevelopmentTeam = X6D769Z7F4;
						LastSwiftMigration = 1020;
						ProvisioningStyle = Automatic;
						TestTargetID = 8E7F05DF1C2F2C35003A6F21;
					};
					8E7F05FE1C2F2C38003A6F21 = {
						CreatedOnToolsVersion = 7.2;
						DevelopmentTeam = X6D769Z7F4;
						LastSwiftMigration = 1020;
						ProvisioningStyle = Automatic;
						TestTargetID = 8E7F05DF1C2F2C35003A6F21;
					};
				};
			};
			buildConfigurationList = 8E7F05DB1C2F2C34003A6F21 /* Build configuration list for PBXProject "QuizVerbesItaliens" */;
			compatibilityVersion = "Xcode 3.2";
			developmentRegion = en;
			hasScannedForEncodings = 0;
			knownRegions = (
				en,
				Base,
				es,
				fr,
				it,
				"en-US",
				"en-GB",
				"en-AU",
				"en-CA",
			);
			mainGroup = 8E7F05D71C2F2C34003A6F21;
			productRefGroup = 8E7F05E11C2F2C35003A6F21 /* Products */;
			projectDirPath = "";
			projectRoot = "";
			targets = (
				8E7F05DF1C2F2C35003A6F21 /* QuizVerbesItaliens */,
				8E7F05F31C2F2C37003A6F21 /* QuizVerbesItaliensTests */,
				8E7F05FE1C2F2C38003A6F21 /* QuizVerbesItaliensUITests */,
				8E1CA7FC269A2685004A08D4 /* QuizVerbesItaliensFLUITests */,
			);
		};
/* End PBXProject section */

/* Begin PBXResourcesBuildPhase section */
		8E1CA7FB269A2685004A08D4 /* Resources */ = {
			isa = PBXResourcesBuildPhase;
			buildActionMask = 2147483647;
			files = (
			);
			runOnlyForDeploymentPostprocessing = 0;
		};
		8E7F05DE1C2F2C35003A6F21 /* Resources */ = {
			isa = PBXResourcesBuildPhase;
			buildActionMask = 2147483647;
			files = (
				8E548FC021EE933B0046C963 /* FrenchToEnglish.plist in Resources */,
				8E9858AB2694FE46001085B2 /* Main.storyboard in Resources */,
				8E48A2362693ABE400545F86 /* chime_clickbell_octave_up.mp3 in Resources */,
				8E9604692694FC7F002CFE68 /* Localizable.strings in Resources */,
				8E7F05EE1C2F2C36003A6F21 /* LaunchScreen.storyboard in Resources */,
				8E7D26251FB91566003798E5 /* GoogleService-Info.plist in Resources */,
				8E548DD421EA7CA20046C963 /* ContextuelItalien.plist in Resources */,
				8E869BC81FAFB4890067E835 /* Incoming Text 01.wav in Resources */,
				8E869BC41FAFB4810067E835 /* Acoustic Trio.wav in Resources */,
				8E869BC61FAFB4850067E835 /* Error Warning.wav in Resources */,
				8E54904521F53D950046C963 /* DictAvoirEtre.plist in Resources */,
				8E54906721F807B50046C963 /* ItalianVerbsList.plist in Resources */,
				8E48A23B2693ABF100545F86 /* etc_error_drum.mp3 in Resources */,
				8E7F05EB1C2F2C36003A6F21 /* Assets.xcassets in Resources */,
			);
			runOnlyForDeploymentPostprocessing = 0;
		};
		8E7F05F21C2F2C37003A6F21 /* Resources */ = {
			isa = PBXResourcesBuildPhase;
			buildActionMask = 2147483647;
			files = (
			);
			runOnlyForDeploymentPostprocessing = 0;
		};
		8E7F05FD1C2F2C38003A6F21 /* Resources */ = {
			isa = PBXResourcesBuildPhase;
			buildActionMask = 2147483647;
			files = (
			);
			runOnlyForDeploymentPostprocessing = 0;
		};
/* End PBXResourcesBuildPhase section */

/* Begin PBXShellScriptBuildPhase section */
		1C78297A15824BE072F1656D /* [CP] Check Pods Manifest.lock */ = {
			isa = PBXShellScriptBuildPhase;
			buildActionMask = 2147483647;
			files = (
			);
			inputPaths = (
				"${PODS_PODFILE_DIR_PATH}/Podfile.lock",
				"${PODS_ROOT}/Manifest.lock",
			);
			name = "[CP] Check Pods Manifest.lock";
			outputPaths = (
				"$(DERIVED_FILE_DIR)/Pods-QuizVerbesItaliensTests-checkManifestLockResult.txt",
			);
			runOnlyForDeploymentPostprocessing = 0;
			shellPath = /bin/sh;
			shellScript = "diff \"${PODS_PODFILE_DIR_PATH}/Podfile.lock\" \"${PODS_ROOT}/Manifest.lock\" > /dev/null\nif [ $? != 0 ] ; then\n    # print error to STDERR\n    echo \"error: The sandbox is not in sync with the Podfile.lock. Run 'pod install' or update your CocoaPods installation.\" >&2\n    exit 1\nfi\n# This output is used by Xcode 'outputs' to avoid re-running this script phase.\necho \"SUCCESS\" > \"${SCRIPT_OUTPUT_FILE_0}\"\n";
			showEnvVarsInLog = 0;
		};
		48881825D779297ECEC521BB /* [CP] Check Pods Manifest.lock */ = {
			isa = PBXShellScriptBuildPhase;
			buildActionMask = 2147483647;
			files = (
			);
			inputPaths = (
				"${PODS_PODFILE_DIR_PATH}/Podfile.lock",
				"${PODS_ROOT}/Manifest.lock",
			);
			name = "[CP] Check Pods Manifest.lock";
			outputPaths = (
				"$(DERIVED_FILE_DIR)/Pods-QuizVerbesItaliens-checkManifestLockResult.txt",
			);
			runOnlyForDeploymentPostprocessing = 0;
			shellPath = /bin/sh;
			shellScript = "diff \"${PODS_PODFILE_DIR_PATH}/Podfile.lock\" \"${PODS_ROOT}/Manifest.lock\" > /dev/null\nif [ $? != 0 ] ; then\n    # print error to STDERR\n    echo \"error: The sandbox is not in sync with the Podfile.lock. Run 'pod install' or update your CocoaPods installation.\" >&2\n    exit 1\nfi\n# This output is used by Xcode 'outputs' to avoid re-running this script phase.\necho \"SUCCESS\" > \"${SCRIPT_OUTPUT_FILE_0}\"\n";
			showEnvVarsInLog = 0;
		};
		8416355693B20D1C38C54F88 /* [CP] Embed Pods Frameworks */ = {
			isa = PBXShellScriptBuildPhase;
			buildActionMask = 2147483647;
			files = (
			);
			inputPaths = (
				"${SRCROOT}/Pods/Target Support Files/Pods-QuizVerbesItaliens/Pods-QuizVerbesItaliens-frameworks.sh",
				"${BUILT_PRODUCTS_DIR}/Charts/Charts.framework",
			);
			name = "[CP] Embed Pods Frameworks";
			outputPaths = (
				"${TARGET_BUILD_DIR}/${FRAMEWORKS_FOLDER_PATH}/Charts.framework",
			);
			runOnlyForDeploymentPostprocessing = 0;
			shellPath = /bin/sh;
			shellScript = "\"${SRCROOT}/Pods/Target Support Files/Pods-QuizVerbesItaliens/Pods-QuizVerbesItaliens-frameworks.sh\"\n";
			showEnvVarsInLog = 0;
		};
		C6D4A590BECD4F78D49A8C2D /* [CP] Check Pods Manifest.lock */ = {
			isa = PBXShellScriptBuildPhase;
			buildActionMask = 2147483647;
			files = (
			);
			inputPaths = (
				"${PODS_PODFILE_DIR_PATH}/Podfile.lock",
				"${PODS_ROOT}/Manifest.lock",
			);
			name = "[CP] Check Pods Manifest.lock";
			outputPaths = (
				"$(DERIVED_FILE_DIR)/Pods-QuizVerbesItaliensUITests-checkManifestLockResult.txt",
			);
			runOnlyForDeploymentPostprocessing = 0;
			shellPath = /bin/sh;
			shellScript = "diff \"${PODS_PODFILE_DIR_PATH}/Podfile.lock\" \"${PODS_ROOT}/Manifest.lock\" > /dev/null\nif [ $? != 0 ] ; then\n    # print error to STDERR\n    echo \"error: The sandbox is not in sync with the Podfile.lock. Run 'pod install' or update your CocoaPods installation.\" >&2\n    exit 1\nfi\n# This output is used by Xcode 'outputs' to avoid re-running this script phase.\necho \"SUCCESS\" > \"${SCRIPT_OUTPUT_FILE_0}\"\n";
			showEnvVarsInLog = 0;
		};
/* End PBXShellScriptBuildPhase section */

/* Begin PBXSourcesBuildPhase section */
		8E1CA7F9269A2685004A08D4 /* Sources */ = {
			isa = PBXSourcesBuildPhase;
			buildActionMask = 2147483647;
			files = (
			);
			runOnlyForDeploymentPostprocessing = 0;
		};
		8E7F05DC1C2F2C35003A6F21 /* Sources */ = {
			isa = PBXSourcesBuildPhase;
			buildActionMask = 2147483647;
			files = (
				8EA926131DDCD7BE00A34E95 /* AppDelegate.swift in Sources */,
				8EAE0D442220A260000E90E8 /* ChoixDuPronom.swift in Sources */,
				8E54903921F4DA590046C963 /* DifficultyLevel.swift in Sources */,
				8E1D3DED1EB51FB200482BC9 /* StatistiqueTableViewController.swift in Sources */,
				8E175BC226826FB4009D627D /* DetailStatTableViewController.swift in Sources */,
				8E54903821F4DA590046C963 /* Auxiliere.swift in Sources */,
				8E1D3DE91EB51F9D00482BC9 /* QuizController.swift in Sources */,
				8E869BBA1FAFAC360067E835 /* LogoViewController.swift in Sources */,
				8E54903C21F4DA590046C963 /* ChoixDeTempsViewController.swift in Sources */,
				8EAE0D4A2220AF8A000E90E8 /* ResponseEvaluation.swift in Sources */,
				8E548FC221F3CB910046C963 /* FontsAndConstraintsOptions.swift in Sources */,
				8E1D3DEF1EB51FFA00482BC9 /* DataStructure.swift in Sources */,
				8E1D3DEB1EB51FA800482BC9 /* ResultViewController.swift in Sources */,
				8E54903A21F4DA590046C963 /* ContextuelQuizViewController.swift in Sources */,
				8EAE0D402220A1FF000E90E8 /* Verb.swift in Sources */,
				8EAE0D4C2220B610000E90E8 /* QuizQuestion.swift in Sources */,
				8E869BD21FAFBBA00067E835 /* RandomNumberGenerator.swift in Sources */,
				8EAE0D422220A218000E90E8 /* ChosenVerb.swift in Sources */,
				8EB3E8E61EB53CE00042B592 /* ItemVerbe+CoreDataProperties.swift in Sources */,
				8EB3E8E21EB53C100042B592 /* VerbesFrancais.xcdatamodeld in Sources */,
				8E54904121F4F4F60046C963 /* StatistiqueViewCell.swift in Sources */,
				8EAE0D3E2220A18C000E90E8 /* ModeAndTempStruct.swift in Sources */,
				8ECFBC9A1FB3FD3200B8B93F /* FrenchEnglish.swift in Sources */,
				8E1D3DE71EB51F9100482BC9 /* QuizOptionsController.swift in Sources */,
				8E1D3DE51EB51F8A00482BC9 /* FinalVerbeViewController.swift in Sources */,
				8EAE0D3C2220A17F000E90E8 /* VerbInfinitif.swift in Sources */,
				8E175BB826826DAB009D627D /* FetchRequestForVerb.swift in Sources */,
				8E175BC726827A80009D627D /* FirstStatTableViewCell.swift in Sources */,
				8E548FC821F3CF630046C963 /* ScreenDimension.swift in Sources */,
				8E1D3DE31EB51F7E00482BC9 /* tempsDeVerbeTableViewController.swift in Sources */,
				8E54904321F4F4FC0046C963 /* PieChartSetUp.swift in Sources */,
				8E48A2312693A40200545F86 /* SoundOption.swift in Sources */,
				8EAE0D482220AF7E000E90E8 /* SelectVerbsForQuiz.swift in Sources */,
				8E48A2432694DA7C00545F86 /* SoundPlayer.swift in Sources */,
				8E869BD01FAFB9FD0067E835 /* TempsVerbesChoisisViewController.swift in Sources */,
				8E54903E21F4DA590046C963 /* Sentence.swift in Sources */,
				8E54903B21F4DA590046C963 /* TextFieldProperties.swift in Sources */,
				8E54903721F4DA590046C963 /* ChoixFacileVerbeConjugue.swift in Sources */,
				8E54903F21F4DA590046C963 /* ContextuelQuizOptionController.swift in Sources */,
				8E4458691FAE606B0097489C /* SpecificVerbViewController.swift in Sources */,
				8E1D3DE11EB51F7200482BC9 /* VerbListViewController.swift in Sources */,
				8EB3E8E51EB53CE00042B592 /* ItemVerbe+CoreDataClass.swift in Sources */,
				8E54903D21F4DA590046C963 /* UnwindSegueChoice.swift in Sources */,
				8EC1D8D4268BA55200D011E7 /* FetchResultFoeOneTemp.swift in Sources */,
				8E1D3DDF1EB51F6800482BC9 /* OptionsViewController.swift in Sources */,
				8E48A24B2694F24300545F86 /* extensionLocalisation.swift in Sources */,
			);
			runOnlyForDeploymentPostprocessing = 0;
		};
		8E7F05F01C2F2C37003A6F21 /* Sources */ = {
			isa = PBXSourcesBuildPhase;
			buildActionMask = 2147483647;
			files = (
				8E7F05F91C2F2C38003A6F21 /* QuizVerbesItaliensTests.swift in Sources */,
			);
			runOnlyForDeploymentPostprocessing = 0;
		};
		8E7F05FB1C2F2C38003A6F21 /* Sources */ = {
			isa = PBXSourcesBuildPhase;
			buildActionMask = 2147483647;
			files = (
				8E7F06041C2F2C39003A6F21 /* QuizVerbesItaliensUITests.swift in Sources */,
			);
			runOnlyForDeploymentPostprocessing = 0;
		};
/* End PBXSourcesBuildPhase section */

/* Begin PBXTargetDependency section */
		8E1CA803269A2685004A08D4 /* PBXTargetDependency */ = {
			isa = PBXTargetDependency;
			target = 8E7F05DF1C2F2C35003A6F21 /* QuizVerbesItaliens */;
			targetProxy = 8E1CA802269A2685004A08D4 /* PBXContainerItemProxy */;
		};
		8E7F05F61C2F2C37003A6F21 /* PBXTargetDependency */ = {
			isa = PBXTargetDependency;
			target = 8E7F05DF1C2F2C35003A6F21 /* QuizVerbesItaliens */;
			targetProxy = 8E7F05F51C2F2C37003A6F21 /* PBXContainerItemProxy */;
		};
		8E7F06011C2F2C39003A6F21 /* PBXTargetDependency */ = {
			isa = PBXTargetDependency;
			target = 8E7F05DF1C2F2C35003A6F21 /* QuizVerbesItaliens */;
			targetProxy = 8E7F06001C2F2C39003A6F21 /* PBXContainerItemProxy */;
		};
/* End PBXTargetDependency section */

/* Begin PBXVariantGroup section */
		8E7F05EC1C2F2C36003A6F21 /* LaunchScreen.storyboard */ = {
			isa = PBXVariantGroup;
			children = (
				8E7F05ED1C2F2C36003A6F21 /* Base */,
				8E9858AF2694FE61001085B2 /* es */,
				8E9858B22694FEF1001085B2 /* fr */,
				8E9858B52694FF9D001085B2 /* it */,
				8E9858B826960E93001085B2 /* en-US */,
				8E9858BB26960EA0001085B2 /* en-GB */,
				8E9858BE26960EA8001085B2 /* en-AU */,
				8E9858C126960ED6001085B2 /* en-CA */,
			);
			name = LaunchScreen.storyboard;
			sourceTree = "<group>";
		};
		8E96046B2694FC7F002CFE68 /* Localizable.strings */ = {
			isa = PBXVariantGroup;
			children = (
				8E96046A2694FC7F002CFE68 /* en */,
				8E9858B02694FEA1001085B2 /* es */,
				8E9858B32694FF8E001085B2 /* fr */,
				8E9858B62694FFAD001085B2 /* it */,
				8E9858B926960E94001085B2 /* en-US */,
				8E9858BC26960EA0001085B2 /* en-GB */,
				8E9858BF26960EA8001085B2 /* en-AU */,
				8E9858C226960ED6001085B2 /* en-CA */,
			);
			name = Localizable.strings;
			sourceTree = "<group>";
		};
		8E9858AD2694FE46001085B2 /* Main.storyboard */ = {
			isa = PBXVariantGroup;
			children = (
				8E9858AC2694FE46001085B2 /* Base */,
				8E9858AE2694FE61001085B2 /* es */,
				8E9858B12694FEF1001085B2 /* fr */,
				8E9858B42694FF9D001085B2 /* it */,
				8E9858B726960E93001085B2 /* en-US */,
				8E9858BA26960E9F001085B2 /* en-GB */,
				8E9858BD26960EA8001085B2 /* en-AU */,
				8E9858C026960ED6001085B2 /* en-CA */,
			);
			name = Main.storyboard;
			sourceTree = "<group>";
		};
/* End PBXVariantGroup section */

/* Begin XCBuildConfiguration section */
		8E1CA805269A2685004A08D4 /* Debug */ = {
			isa = XCBuildConfiguration;
			buildSettings = {
				CLANG_ANALYZER_NONNULL = YES;
				CLANG_ANALYZER_NUMBER_OBJECT_CONVERSION = YES_AGGRESSIVE;
				CLANG_CXX_LANGUAGE_STANDARD = "gnu++14";
				CLANG_ENABLE_OBJC_WEAK = YES;
				CLANG_WARN_DOCUMENTATION_COMMENTS = YES;
				CLANG_WARN_UNGUARDED_AVAILABILITY = YES_AGGRESSIVE;
				CODE_SIGN_STYLE = Automatic;
				DEVELOPMENT_TEAM = X6D769Z7F4;
				GCC_C_LANGUAGE_STANDARD = gnu11;
				INFOPLIST_FILE = QuizVerbesItaliensFLUITests/Info.plist;
				IPHONEOS_DEPLOYMENT_TARGET = 14.4;
				LD_RUNPATH_SEARCH_PATHS = "$(inherited) @executable_path/Frameworks @loader_path/Frameworks";
				MTL_ENABLE_DEBUG_INFO = INCLUDE_SOURCE;
				MTL_FAST_MATH = YES;
				PRODUCT_BUNDLE_IDENTIFIER = NM.QuizVerbesItaliensFLUITests;
				PRODUCT_NAME = "$(TARGET_NAME)";
				SWIFT_ACTIVE_COMPILATION_CONDITIONS = DEBUG;
				SWIFT_VERSION = 5.0;
				TARGETED_DEVICE_FAMILY = "1,2";
				TEST_TARGET_NAME = QuizVerbesItaliens;
			};
			name = Debug;
		};
		8E1CA806269A2685004A08D4 /* Release */ = {
			isa = XCBuildConfiguration;
			buildSettings = {
				CLANG_ANALYZER_NONNULL = YES;
				CLANG_ANALYZER_NUMBER_OBJECT_CONVERSION = YES_AGGRESSIVE;
				CLANG_CXX_LANGUAGE_STANDARD = "gnu++14";
				CLANG_ENABLE_OBJC_WEAK = YES;
				CLANG_WARN_DOCUMENTATION_COMMENTS = YES;
				CLANG_WARN_UNGUARDED_AVAILABILITY = YES_AGGRESSIVE;
				CODE_SIGN_STYLE = Automatic;
				DEVELOPMENT_TEAM = X6D769Z7F4;
				GCC_C_LANGUAGE_STANDARD = gnu11;
				INFOPLIST_FILE = QuizVerbesItaliensFLUITests/Info.plist;
				IPHONEOS_DEPLOYMENT_TARGET = 14.4;
				LD_RUNPATH_SEARCH_PATHS = "$(inherited) @executable_path/Frameworks @loader_path/Frameworks";
				MTL_FAST_MATH = YES;
				PRODUCT_BUNDLE_IDENTIFIER = NM.QuizVerbesItaliensFLUITests;
				PRODUCT_NAME = "$(TARGET_NAME)";
				SWIFT_VERSION = 5.0;
				TARGETED_DEVICE_FAMILY = "1,2";
				TEST_TARGET_NAME = QuizVerbesItaliens;
			};
			name = Release;
		};
		8E7F06061C2F2C3A003A6F21 /* Debug */ = {
			isa = XCBuildConfiguration;
			buildSettings = {
				ALWAYS_SEARCH_USER_PATHS = NO;
				CLANG_ANALYZER_LOCALIZABILITY_NONLOCALIZED = YES;
				CLANG_CXX_LANGUAGE_STANDARD = "gnu++0x";
				CLANG_CXX_LIBRARY = "libc++";
				CLANG_ENABLE_MODULES = YES;
				CLANG_ENABLE_OBJC_ARC = YES;
				CLANG_WARN_BLOCK_CAPTURE_AUTORELEASING = YES;
				CLANG_WARN_BOOL_CONVERSION = YES;
				CLANG_WARN_COMMA = YES;
				CLANG_WARN_CONSTANT_CONVERSION = YES;
				CLANG_WARN_DEPRECATED_OBJC_IMPLEMENTATIONS = YES;
				CLANG_WARN_DIRECT_OBJC_ISA_USAGE = YES_ERROR;
				CLANG_WARN_EMPTY_BODY = YES;
				CLANG_WARN_ENUM_CONVERSION = YES;
				CLANG_WARN_INFINITE_RECURSION = YES;
				CLANG_WARN_INT_CONVERSION = YES;
				CLANG_WARN_NON_LITERAL_NULL_CONVERSION = YES;
				CLANG_WARN_OBJC_IMPLICIT_RETAIN_SELF = YES;
				CLANG_WARN_OBJC_LITERAL_CONVERSION = YES;
				CLANG_WARN_OBJC_ROOT_CLASS = YES_ERROR;
				CLANG_WARN_QUOTED_INCLUDE_IN_FRAMEWORK_HEADER = YES;
				CLANG_WARN_RANGE_LOOP_ANALYSIS = YES;
				CLANG_WARN_STRICT_PROTOTYPES = YES;
				CLANG_WARN_SUSPICIOUS_MOVE = YES;
				CLANG_WARN_UNREACHABLE_CODE = YES;
				CLANG_WARN__DUPLICATE_METHOD_MATCH = YES;
				CODE_SIGN_IDENTITY = "";
				"CODE_SIGN_IDENTITY[sdk=iphoneos*]" = "iPhone Developer";
				COPY_PHASE_STRIP = NO;
				DEBUG_INFORMATION_FORMAT = dwarf;
				DEVELOPMENT_TEAM = X6D769Z7F4;
				ENABLE_STRICT_OBJC_MSGSEND = YES;
				ENABLE_TESTABILITY = YES;
				GCC_C_LANGUAGE_STANDARD = gnu99;
				GCC_DYNAMIC_NO_PIC = NO;
				GCC_NO_COMMON_BLOCKS = YES;
				GCC_OPTIMIZATION_LEVEL = 0;
				GCC_PREPROCESSOR_DEFINITIONS = (
					"DEBUG=1",
					"$(inherited)",
				);
				GCC_WARN_64_TO_32_BIT_CONVERSION = YES;
				GCC_WARN_ABOUT_RETURN_TYPE = YES_ERROR;
				GCC_WARN_UNDECLARED_SELECTOR = YES;
				GCC_WARN_UNINITIALIZED_AUTOS = YES_AGGRESSIVE;
				GCC_WARN_UNUSED_FUNCTION = YES;
				GCC_WARN_UNUSED_VARIABLE = YES;
				IPHONEOS_DEPLOYMENT_TARGET = 12.1;
				MTL_ENABLE_DEBUG_INFO = YES;
				ONLY_ACTIVE_ARCH = YES;
				SDKROOT = iphoneos;
				SWIFT_OPTIMIZATION_LEVEL = "-Onone";
			};
			name = Debug;
		};
		8E7F06071C2F2C3A003A6F21 /* Release */ = {
			isa = XCBuildConfiguration;
			buildSettings = {
				ALWAYS_SEARCH_USER_PATHS = NO;
				CLANG_ANALYZER_LOCALIZABILITY_NONLOCALIZED = YES;
				CLANG_CXX_LANGUAGE_STANDARD = "gnu++0x";
				CLANG_CXX_LIBRARY = "libc++";
				CLANG_ENABLE_MODULES = YES;
				CLANG_ENABLE_OBJC_ARC = YES;
				CLANG_WARN_BLOCK_CAPTURE_AUTORELEASING = YES;
				CLANG_WARN_BOOL_CONVERSION = YES;
				CLANG_WARN_COMMA = YES;
				CLANG_WARN_CONSTANT_CONVERSION = YES;
				CLANG_WARN_DEPRECATED_OBJC_IMPLEMENTATIONS = YES;
				CLANG_WARN_DIRECT_OBJC_ISA_USAGE = YES_ERROR;
				CLANG_WARN_EMPTY_BODY = YES;
				CLANG_WARN_ENUM_CONVERSION = YES;
				CLANG_WARN_INFINITE_RECURSION = YES;
				CLANG_WARN_INT_CONVERSION = YES;
				CLANG_WARN_NON_LITERAL_NULL_CONVERSION = YES;
				CLANG_WARN_OBJC_IMPLICIT_RETAIN_SELF = YES;
				CLANG_WARN_OBJC_LITERAL_CONVERSION = YES;
				CLANG_WARN_OBJC_ROOT_CLASS = YES_ERROR;
				CLANG_WARN_QUOTED_INCLUDE_IN_FRAMEWORK_HEADER = YES;
				CLANG_WARN_RANGE_LOOP_ANALYSIS = YES;
				CLANG_WARN_STRICT_PROTOTYPES = YES;
				CLANG_WARN_SUSPICIOUS_MOVE = YES;
				CLANG_WARN_UNREACHABLE_CODE = YES;
				CLANG_WARN__DUPLICATE_METHOD_MATCH = YES;
				CODE_SIGN_IDENTITY = "";
				"CODE_SIGN_IDENTITY[sdk=iphoneos*]" = "iPhone Developer";
				COPY_PHASE_STRIP = NO;
				DEBUG_INFORMATION_FORMAT = "dwarf-with-dsym";
				DEVELOPMENT_TEAM = X6D769Z7F4;
				ENABLE_NS_ASSERTIONS = NO;
				ENABLE_STRICT_OBJC_MSGSEND = YES;
				GCC_C_LANGUAGE_STANDARD = gnu99;
				GCC_NO_COMMON_BLOCKS = YES;
				GCC_WARN_64_TO_32_BIT_CONVERSION = YES;
				GCC_WARN_ABOUT_RETURN_TYPE = YES_ERROR;
				GCC_WARN_UNDECLARED_SELECTOR = YES;
				GCC_WARN_UNINITIALIZED_AUTOS = YES_AGGRESSIVE;
				GCC_WARN_UNUSED_FUNCTION = YES;
				GCC_WARN_UNUSED_VARIABLE = YES;
				IPHONEOS_DEPLOYMENT_TARGET = 12.1;
				MTL_ENABLE_DEBUG_INFO = NO;
				SDKROOT = iphoneos;
				SWIFT_OPTIMIZATION_LEVEL = "-Owholemodule";
				VALIDATE_PRODUCT = YES;
			};
			name = Release;
		};
		8E7F06091C2F2C3A003A6F21 /* Debug */ = {
			isa = XCBuildConfiguration;
			baseConfigurationReference = BC17CF029D9C83E4EB095DDE /* Pods-QuizVerbesItaliens.debug.xcconfig */;
			buildSettings = {
				ASSETCATALOG_COMPILER_APPICON_NAME = AppIcon;
				CODE_SIGN_IDENTITY = "";
				"CODE_SIGN_IDENTITY[sdk=iphoneos*]" = "iPhone Developer";
				CODE_SIGN_STYLE = Automatic;
				DEVELOPMENT_TEAM = X6D769Z7F4;
				ENABLE_BITCODE = YES;
				FRAMEWORK_SEARCH_PATHS = "$(inherited)";
				INFOPLIST_FILE = QuizVerbesItaliens/Info.plist;
				"INSTALL_PATH[sdk=*]" = "$(LOCAL_APPS_DIR)";
				LD_RUNPATH_SEARCH_PATHS = "$(inherited) @executable_path/Frameworks";
				MARKETING_VERSION = 3.3;
				PRODUCT_BUNDLE_IDENTIFIER = NM.ItalianVerbsQuiz;
				PRODUCT_NAME = QuizVerbesItaliens;
				PROVISIONING_PROFILE = "";
				PROVISIONING_PROFILE_SPECIFIER = "";
				SWIFT_REFLECTION_METADATA_LEVEL = all;
				SWIFT_VERSION = 5.0;
				TARGETED_DEVICE_FAMILY = "1,2";
			};
			name = Debug;
		};
		8E7F060A1C2F2C3A003A6F21 /* Release */ = {
			isa = XCBuildConfiguration;
			baseConfigurationReference = F8A13720CCFC2758131E2681 /* Pods-QuizVerbesItaliens.release.xcconfig */;
			buildSettings = {
				ASSETCATALOG_COMPILER_APPICON_NAME = AppIcon;
				CODE_SIGN_IDENTITY = "";
				"CODE_SIGN_IDENTITY[sdk=iphoneos*]" = "iPhone Developer";
				CODE_SIGN_STYLE = Automatic;
				DEVELOPMENT_TEAM = X6D769Z7F4;
				ENABLE_BITCODE = YES;
				FRAMEWORK_SEARCH_PATHS = "$(inherited)";
				INFOPLIST_FILE = QuizVerbesItaliens/Info.plist;
				"INSTALL_PATH[sdk=*]" = "$(LOCAL_APPS_DIR)";
				LD_RUNPATH_SEARCH_PATHS = "$(inherited) @executable_path/Frameworks";
				MARKETING_VERSION = 3.3;
				PRODUCT_BUNDLE_IDENTIFIER = NM.ItalianVerbsQuiz;
				PRODUCT_NAME = QuizVerbesItaliens;
				PROVISIONING_PROFILE = "";
				PROVISIONING_PROFILE_SPECIFIER = "";
				SWIFT_REFLECTION_METADATA_LEVEL = all;
				SWIFT_VERSION = 5.0;
				TARGETED_DEVICE_FAMILY = "1,2";
			};
			name = Release;
		};
		8E7F060C1C2F2C3A003A6F21 /* Debug */ = {
			isa = XCBuildConfiguration;
			baseConfigurationReference = D68790DFCE50A00BA4287989 /* Pods-QuizVerbesItaliensTests.debug.xcconfig */;
			buildSettings = {
				ALWAYS_EMBED_SWIFT_STANDARD_LIBRARIES = YES;
				BUNDLE_LOADER = "$(TEST_HOST)";
				"CODE_SIGN_IDENTITY[sdk=iphoneos*]" = "iPhone Developer";
				DEVELOPMENT_TEAM = X6D769Z7F4;
				FRAMEWORK_SEARCH_PATHS = "$(inherited)";
				INFOPLIST_FILE = QuizVerbesItaliensTests/Info.plist;
				LD_RUNPATH_SEARCH_PATHS = "$(inherited) @executable_path/Frameworks @loader_path/Frameworks";
				PRODUCT_BUNDLE_IDENTIFIER = NM.ItalianVerbsQuiz;
				PRODUCT_NAME = Tests;
				SWIFT_VERSION = 5.0;
				TEST_HOST = "$(BUILT_PRODUCTS_DIR)/QuizVerbesItaliens.app/QuizVerbesItaliens";
			};
			name = Debug;
		};
		8E7F060D1C2F2C3A003A6F21 /* Release */ = {
			isa = XCBuildConfiguration;
			baseConfigurationReference = E7153649C1DC5C597B15B332 /* Pods-QuizVerbesItaliensTests.release.xcconfig */;
			buildSettings = {
				ALWAYS_EMBED_SWIFT_STANDARD_LIBRARIES = YES;
				BUNDLE_LOADER = "$(TEST_HOST)";
				"CODE_SIGN_IDENTITY[sdk=iphoneos*]" = "iPhone Developer";
				DEVELOPMENT_TEAM = X6D769Z7F4;
				FRAMEWORK_SEARCH_PATHS = "$(inherited)";
				INFOPLIST_FILE = QuizVerbesItaliensTests/Info.plist;
				LD_RUNPATH_SEARCH_PATHS = "$(inherited) @executable_path/Frameworks @loader_path/Frameworks";
				PRODUCT_BUNDLE_IDENTIFIER = NM.ItalianVerbsQuiz;
				PRODUCT_NAME = Tests;
				SWIFT_VERSION = 5.0;
				TEST_HOST = "$(BUILT_PRODUCTS_DIR)/QuizVerbesItaliens.app/QuizVerbesItaliens";
			};
			name = Release;
		};
		8E7F060F1C2F2C3A003A6F21 /* Debug */ = {
			isa = XCBuildConfiguration;
			baseConfigurationReference = C8A032E411A7E485DED35FBF /* Pods-QuizVerbesItaliensUITests.debug.xcconfig */;
			buildSettings = {
				ALWAYS_EMBED_SWIFT_STANDARD_LIBRARIES = YES;
				"CODE_SIGN_IDENTITY[sdk=iphoneos*]" = "iPhone Developer";
				DEVELOPMENT_TEAM = X6D769Z7F4;
				FRAMEWORK_SEARCH_PATHS = "$(inherited)";
				INFOPLIST_FILE = QuizVerbesItaliensUITests/Info.plist;
				LD_RUNPATH_SEARCH_PATHS = "$(inherited) @executable_path/Frameworks @loader_path/Frameworks";
				PRODUCT_BUNDLE_IDENTIFIER = NM.ItalianVerbsQuizUITests;
				PRODUCT_NAME = Tests;
				PROVISIONING_PROFILE = "";
				PROVISIONING_PROFILE_SPECIFIER = "";
				SWIFT_VERSION = 5.0;
				TEST_TARGET_NAME = QuizVerbesItaliens;
				USES_XCTRUNNER = YES;
			};
			name = Debug;
		};
		8E7F06101C2F2C3A003A6F21 /* Release */ = {
			isa = XCBuildConfiguration;
			baseConfigurationReference = 2080DC4AE57270D4AA3A3BC5 /* Pods-QuizVerbesItaliensUITests.release.xcconfig */;
			buildSettings = {
				ALWAYS_EMBED_SWIFT_STANDARD_LIBRARIES = YES;
				"CODE_SIGN_IDENTITY[sdk=iphoneos*]" = "iPhone Developer";
				DEVELOPMENT_TEAM = X6D769Z7F4;
				FRAMEWORK_SEARCH_PATHS = "$(inherited)";
				INFOPLIST_FILE = QuizVerbesItaliensUITests/Info.plist;
				LD_RUNPATH_SEARCH_PATHS = "$(inherited) @executable_path/Frameworks @loader_path/Frameworks";
				PRODUCT_BUNDLE_IDENTIFIER = NM.ItalianVerbsQuizUITests;
				PRODUCT_NAME = Tests;
				PROVISIONING_PROFILE = "";
				PROVISIONING_PROFILE_SPECIFIER = "";
				SWIFT_VERSION = 5.0;
				TEST_TARGET_NAME = QuizVerbesItaliens;
				USES_XCTRUNNER = YES;
			};
			name = Release;
		};
/* End XCBuildConfiguration section */

/* Begin XCConfigurationList section */
		8E1CA804269A2685004A08D4 /* Build configuration list for PBXNativeTarget "QuizVerbesItaliensFLUITests" */ = {
			isa = XCConfigurationList;
			buildConfigurations = (
				8E1CA805269A2685004A08D4 /* Debug */,
				8E1CA806269A2685004A08D4 /* Release */,
			);
			defaultConfigurationIsVisible = 0;
			defaultConfigurationName = Release;
		};
		8E7F05DB1C2F2C34003A6F21 /* Build configuration list for PBXProject "QuizVerbesItaliens" */ = {
			isa = XCConfigurationList;
			buildConfigurations = (
				8E7F06061C2F2C3A003A6F21 /* Debug */,
				8E7F06071C2F2C3A003A6F21 /* Release */,
			);
			defaultConfigurationIsVisible = 0;
			defaultConfigurationName = Release;
		};
		8E7F06081C2F2C3A003A6F21 /* Build configuration list for PBXNativeTarget "QuizVerbesItaliens" */ = {
			isa = XCConfigurationList;
			buildConfigurations = (
				8E7F06091C2F2C3A003A6F21 /* Debug */,
				8E7F060A1C2F2C3A003A6F21 /* Release */,
			);
			defaultConfigurationIsVisible = 0;
			defaultConfigurationName = Release;
		};
		8E7F060B1C2F2C3A003A6F21 /* Build configuration list for PBXNativeTarget "QuizVerbesItaliensTests" */ = {
			isa = XCConfigurationList;
			buildConfigurations = (
				8E7F060C1C2F2C3A003A6F21 /* Debug */,
				8E7F060D1C2F2C3A003A6F21 /* Release */,
			);
			defaultConfigurationIsVisible = 0;
			defaultConfigurationName = Release;
		};
		8E7F060E1C2F2C3A003A6F21 /* Build configuration list for PBXNativeTarget "QuizVerbesItaliensUITests" */ = {
			isa = XCConfigurationList;
			buildConfigurations = (
				8E7F060F1C2F2C3A003A6F21 /* Debug */,
				8E7F06101C2F2C3A003A6F21 /* Release */,
			);
			defaultConfigurationIsVisible = 0;
			defaultConfigurationName = Release;
		};
/* End XCConfigurationList section */

/* Begin XCVersionGroup section */
		8EB3E8E01EB53C100042B592 /* VerbesFrancais.xcdatamodeld */ = {
			isa = XCVersionGroup;
			children = (
				8EB3E8E11EB53C100042B592 /* VerbesFrancais.xcdatamodel */,
			);
			currentVersion = 8EB3E8E11EB53C100042B592 /* VerbesFrancais.xcdatamodel */;
			path = VerbesFrancais.xcdatamodeld;
			sourceTree = "<group>";
			versionGroupType = wrapper.xcdatamodel;
		};
/* End XCVersionGroup section */
	};
	rootObject = 8E7F05D81C2F2C34003A6F21 /* Project object */;
}
