// !$*UTF8*$!
{
	archiveVersion = 1;
	classes = {
	};
	objectVersion = 46;
	objects = {

/* Begin PBXBuildFile section */
		8E1D3DDF1EB51F6800482BC9 /* OptionsViewController.swift in Sources */ = {isa = PBXBuildFile; fileRef = 8E1D3DDE1EB51F6800482BC9 /* OptionsViewController.swift */; };
		8E1D3DE11EB51F7200482BC9 /* VerbListViewController.swift in Sources */ = {isa = PBXBuildFile; fileRef = 8E1D3DE01EB51F7200482BC9 /* VerbListViewController.swift */; };
		8E1D3DE31EB51F7E00482BC9 /* tempsDeVerbeTableViewController.swift in Sources */ = {isa = PBXBuildFile; fileRef = 8E1D3DE21EB51F7E00482BC9 /* tempsDeVerbeTableViewController.swift */; };
		8E1D3DE51EB51F8A00482BC9 /* FinalVerbeViewController.swift in Sources */ = {isa = PBXBuildFile; fileRef = 8E1D3DE41EB51F8A00482BC9 /* FinalVerbeViewController.swift */; };
		8E1D3DE71EB51F9100482BC9 /* QuizOptionsController.swift in Sources */ = {isa = PBXBuildFile; fileRef = 8E1D3DE61EB51F9100482BC9 /* QuizOptionsController.swift */; };
		8E1D3DE91EB51F9D00482BC9 /* QuizController.swift in Sources */ = {isa = PBXBuildFile; fileRef = 8E1D3DE81EB51F9D00482BC9 /* QuizController.swift */; };
		8E1D3DEB1EB51FA800482BC9 /* ResultViewController.swift in Sources */ = {isa = PBXBuildFile; fileRef = 8E1D3DEA1EB51FA800482BC9 /* ResultViewController.swift */; };
		8E1D3DED1EB51FB200482BC9 /* StatistiqueTableViewController.swift in Sources */ = {isa = PBXBuildFile; fileRef = 8E1D3DEC1EB51FB200482BC9 /* StatistiqueTableViewController.swift */; };
		8E1D3DEF1EB51FFA00482BC9 /* DataStructure.swift in Sources */ = {isa = PBXBuildFile; fileRef = 8E1D3DEE1EB51FFA00482BC9 /* DataStructure.swift */; };
		8E1D3DF71EB5202100482BC9 /* Main.storyboard in Resources */ = {isa = PBXBuildFile; fileRef = 8E1D3DF61EB5202100482BC9 /* Main.storyboard */; };
		8E3E40301C6A758A00918E7A /* Sound in Resources */ = {isa = PBXBuildFile; fileRef = 8E3E402F1C6A758A00918E7A /* Sound */; };
		8E3E40411C6A804C00918E7A /* Error Warning.wav in Resources */ = {isa = PBXBuildFile; fileRef = 8E3E40401C6A804C00918E7A /* Error Warning.wav */; };
		8E3E40431C6A805300918E7A /* Incoming Text 01.wav in Resources */ = {isa = PBXBuildFile; fileRef = 8E3E40421C6A805300918E7A /* Incoming Text 01.wav */; };
		8E7F05EB1C2F2C36003A6F21 /* Assets.xcassets in Resources */ = {isa = PBXBuildFile; fileRef = 8E7F05EA1C2F2C36003A6F21 /* Assets.xcassets */; };
		8E7F05EE1C2F2C36003A6F21 /* LaunchScreen.storyboard in Resources */ = {isa = PBXBuildFile; fileRef = 8E7F05EC1C2F2C36003A6F21 /* LaunchScreen.storyboard */; };
		8E7F05F91C2F2C38003A6F21 /* QuizVerbesItaliensTests.swift in Sources */ = {isa = PBXBuildFile; fileRef = 8E7F05F81C2F2C38003A6F21 /* QuizVerbesItaliensTests.swift */; };
		8E7F06041C2F2C39003A6F21 /* QuizVerbesItaliensUITests.swift in Sources */ = {isa = PBXBuildFile; fileRef = 8E7F06031C2F2C39003A6F21 /* QuizVerbesItaliensUITests.swift */; };
		8EA926111DDCD79900A34E95 /* initialViewController.swift in Sources */ = {isa = PBXBuildFile; fileRef = 8E25F49A1D665A4F00E6AFBF /* initialViewController.swift */; };
		8EA926131DDCD7BE00A34E95 /* AppDelegate.swift in Sources */ = {isa = PBXBuildFile; fileRef = 8E7F05E31C2F2C35003A6F21 /* AppDelegate.swift */; };
		8EB3E8E21EB53C100042B592 /* VerbesFrancais.xcdatamodeld in Sources */ = {isa = PBXBuildFile; fileRef = 8EB3E8E01EB53C100042B592 /* VerbesFrancais.xcdatamodeld */; };
		8EB3E8E51EB53CE00042B592 /* ItemVerbe+CoreDataClass.swift in Sources */ = {isa = PBXBuildFile; fileRef = 8EB3E8E31EB53CE00042B592 /* ItemVerbe+CoreDataClass.swift */; };
		8EB3E8E61EB53CE00042B592 /* ItemVerbe+CoreDataProperties.swift in Sources */ = {isa = PBXBuildFile; fileRef = 8EB3E8E41EB53CE00042B592 /* ItemVerbe+CoreDataProperties.swift */; };
		8EB3E9781EBA41B00042B592 /* ItalianVerbsList.plist in Resources */ = {isa = PBXBuildFile; fileRef = 8EB3E9771EBA41B00042B592 /* ItalianVerbsList.plist */; };
/* End PBXBuildFile section */

/* Begin PBXContainerItemProxy section */
		8E7F05F51C2F2C37003A6F21 /* PBXContainerItemProxy */ = {
			isa = PBXContainerItemProxy;
			containerPortal = 8E7F05D81C2F2C34003A6F21 /* Project object */;
			proxyType = 1;
			remoteGlobalIDString = 8E7F05DF1C2F2C35003A6F21;
			remoteInfo = QuizVerbesItaliens;
		};
		8E7F06001C2F2C39003A6F21 /* PBXContainerItemProxy */ = {
			isa = PBXContainerItemProxy;
			containerPortal = 8E7F05D81C2F2C34003A6F21 /* Project object */;
			proxyType = 1;
			remoteGlobalIDString = 8E7F05DF1C2F2C35003A6F21;
			remoteInfo = QuizVerbesItaliens;
		};
/* End PBXContainerItemProxy section */

/* Begin PBXFileReference section */
		8E1D3DDE1EB51F6800482BC9 /* OptionsViewController.swift */ = {isa = PBXFileReference; fileEncoding = 4; lastKnownFileType = sourcecode.swift; path = OptionsViewController.swift; sourceTree = "<group>"; };
		8E1D3DE01EB51F7200482BC9 /* VerbListViewController.swift */ = {isa = PBXFileReference; fileEncoding = 4; lastKnownFileType = sourcecode.swift; path = VerbListViewController.swift; sourceTree = "<group>"; };
		8E1D3DE21EB51F7E00482BC9 /* tempsDeVerbeTableViewController.swift */ = {isa = PBXFileReference; fileEncoding = 4; lastKnownFileType = sourcecode.swift; path = tempsDeVerbeTableViewController.swift; sourceTree = "<group>"; };
		8E1D3DE41EB51F8A00482BC9 /* FinalVerbeViewController.swift */ = {isa = PBXFileReference; fileEncoding = 4; lastKnownFileType = sourcecode.swift; path = FinalVerbeViewController.swift; sourceTree = "<group>"; };
		8E1D3DE61EB51F9100482BC9 /* QuizOptionsController.swift */ = {isa = PBXFileReference; fileEncoding = 4; lastKnownFileType = sourcecode.swift; path = QuizOptionsController.swift; sourceTree = "<group>"; };
		8E1D3DE81EB51F9D00482BC9 /* QuizController.swift */ = {isa = PBXFileReference; fileEncoding = 4; lastKnownFileType = sourcecode.swift; path = QuizController.swift; sourceTree = "<group>"; };
		8E1D3DEA1EB51FA800482BC9 /* ResultViewController.swift */ = {isa = PBXFileReference; fileEncoding = 4; lastKnownFileType = sourcecode.swift; path = ResultViewController.swift; sourceTree = "<group>"; };
		8E1D3DEC1EB51FB200482BC9 /* StatistiqueTableViewController.swift */ = {isa = PBXFileReference; fileEncoding = 4; lastKnownFileType = sourcecode.swift; path = StatistiqueTableViewController.swift; sourceTree = "<group>"; };
		8E1D3DEE1EB51FFA00482BC9 /* DataStructure.swift */ = {isa = PBXFileReference; fileEncoding = 4; lastKnownFileType = sourcecode.swift; path = DataStructure.swift; sourceTree = "<group>"; };
		8E1D3DF61EB5202100482BC9 /* Main.storyboard */ = {isa = PBXFileReference; fileEncoding = 4; lastKnownFileType = file.storyboard; path = Main.storyboard; sourceTree = "<group>"; };
		8E25F49A1D665A4F00E6AFBF /* initialViewController.swift */ = {isa = PBXFileReference; fileEncoding = 4; lastKnownFileType = sourcecode.swift; path = initialViewController.swift; sourceTree = "<group>"; };
		8E3E402F1C6A758A00918E7A /* Sound */ = {isa = PBXFileReference; lastKnownFileType = folder; path = Sound; sourceTree = "<group>"; };
		8E3E40401C6A804C00918E7A /* Error Warning.wav */ = {isa = PBXFileReference; lastKnownFileType = audio.wav; name = "Error Warning.wav"; path = "Sound/Error Warning.wav"; sourceTree = "<group>"; };
		8E3E40421C6A805300918E7A /* Incoming Text 01.wav */ = {isa = PBXFileReference; lastKnownFileType = audio.wav; name = "Incoming Text 01.wav"; path = "Sound/Incoming Text 01.wav"; sourceTree = "<group>"; };
		8E7F05E01C2F2C35003A6F21 /* QuizVerbesItaliensTests.app */ = {isa = PBXFileReference; explicitFileType = wrapper.application; includeInIndex = 0; path = QuizVerbesItaliensTests.app; sourceTree = BUILT_PRODUCTS_DIR; };
		8E7F05E31C2F2C35003A6F21 /* AppDelegate.swift */ = {isa = PBXFileReference; lastKnownFileType = sourcecode.swift; path = AppDelegate.swift; sourceTree = "<group>"; };
		8E7F05EA1C2F2C36003A6F21 /* Assets.xcassets */ = {isa = PBXFileReference; lastKnownFileType = folder.assetcatalog; path = Assets.xcassets; sourceTree = "<group>"; };
		8E7F05ED1C2F2C36003A6F21 /* Base */ = {isa = PBXFileReference; lastKnownFileType = file.storyboard; name = Base; path = Base.lproj/LaunchScreen.storyboard; sourceTree = "<group>"; };
		8E7F05EF1C2F2C36003A6F21 /* Info.plist */ = {isa = PBXFileReference; lastKnownFileType = text.plist.xml; path = Info.plist; sourceTree = "<group>"; };
		8E7F05F41C2F2C37003A6F21 /* Tests.xctest */ = {isa = PBXFileReference; explicitFileType = wrapper.cfbundle; includeInIndex = 0; path = Tests.xctest; sourceTree = BUILT_PRODUCTS_DIR; };
		8E7F05F81C2F2C38003A6F21 /* QuizVerbesItaliensTests.swift */ = {isa = PBXFileReference; lastKnownFileType = sourcecode.swift; name = QuizVerbesItaliensTests.swift; path = QuizVerbesItaliensTests/QuizVerbesItaliensTests.swift; sourceTree = SOURCE_ROOT; };
		8E7F05FA1C2F2C38003A6F21 /* Info.plist */ = {isa = PBXFileReference; lastKnownFileType = text.plist.xml; name = Info.plist; path = QuizVerbesItaliensTests/Info.plist; sourceTree = SOURCE_ROOT; };
		8E7F05FF1C2F2C39003A6F21 /* Tests.xctest */ = {isa = PBXFileReference; explicitFileType = wrapper.cfbundle; includeInIndex = 0; path = Tests.xctest; sourceTree = BUILT_PRODUCTS_DIR; };
		8E7F06031C2F2C39003A6F21 /* QuizVerbesItaliensUITests.swift */ = {isa = PBXFileReference; lastKnownFileType = sourcecode.swift; name = QuizVerbesItaliensUITests.swift; path = QuizVerbesItaliensUITests/QuizVerbesItaliensUITests.swift; sourceTree = SOURCE_ROOT; };
		8E7F06051C2F2C39003A6F21 /* Info.plist */ = {isa = PBXFileReference; lastKnownFileType = text.plist.xml; name = Info.plist; path = QuizVerbesItaliensUITests/Info.plist; sourceTree = SOURCE_ROOT; };
		8EB3E8E11EB53C100042B592 /* VerbesFrancais.xcdatamodel */ = {isa = PBXFileReference; lastKnownFileType = wrapper.xcdatamodel; path = VerbesFrancais.xcdatamodel; sourceTree = "<group>"; };
		8EB3E8E31EB53CE00042B592 /* ItemVerbe+CoreDataClass.swift */ = {isa = PBXFileReference; fileEncoding = 4; lastKnownFileType = sourcecode.swift; name = "ItemVerbe+CoreDataClass.swift"; path = "../ItemVerbe+CoreDataClass.swift"; sourceTree = "<group>"; };
		8EB3E8E41EB53CE00042B592 /* ItemVerbe+CoreDataProperties.swift */ = {isa = PBXFileReference; fileEncoding = 4; lastKnownFileType = sourcecode.swift; name = "ItemVerbe+CoreDataProperties.swift"; path = "../ItemVerbe+CoreDataProperties.swift"; sourceTree = "<group>"; };
		8EB3E9771EBA41B00042B592 /* ItalianVerbsList.plist */ = {isa = PBXFileReference; fileEncoding = 4; lastKnownFileType = text.plist.xml; path = ItalianVerbsList.plist; sourceTree = "<group>"; };
/* End PBXFileReference section */

/* Begin PBXFrameworksBuildPhase section */
		8E7F05DD1C2F2C35003A6F21 /* Frameworks */ = {
			isa = PBXFrameworksBuildPhase;
			buildActionMask = 2147483647;
			files = (
			);
			runOnlyForDeploymentPostprocessing = 0;
		};
		8E7F05F11C2F2C37003A6F21 /* Frameworks */ = {
			isa = PBXFrameworksBuildPhase;
			buildActionMask = 2147483647;
			files = (
			);
			runOnlyForDeploymentPostprocessing = 0;
		};
		8E7F05FC1C2F2C38003A6F21 /* Frameworks */ = {
			isa = PBXFrameworksBuildPhase;
			buildActionMask = 2147483647;
			files = (
			);
			runOnlyForDeploymentPostprocessing = 0;
		};
/* End PBXFrameworksBuildPhase section */

/* Begin PBXGroup section */
		8E3E403F1C6A801500918E7A /* Sounds */ = {
			isa = PBXGroup;
			children = (
				8E3E402F1C6A758A00918E7A /* Sound */,
				8E3E40421C6A805300918E7A /* Incoming Text 01.wav */,
				8E3E40401C6A804C00918E7A /* Error Warning.wav */,
			);
			name = Sounds;
			sourceTree = "<group>";
		};
		8E48F53A1C3B078A00C53A1D /* Data */ = {
			isa = PBXGroup;
			children = (
			);
			name = Data;
			sourceTree = "<group>";
		};
		8E7F05D71C2F2C34003A6F21 = {
			isa = PBXGroup;
			children = (
				8E7F05E21C2F2C35003A6F21 /* QuizVerbesItaliens */,
			);
			sourceTree = "<group>";
		};
		8E7F05E11C2F2C35003A6F21 /* Products */ = {
			isa = PBXGroup;
			children = (
				8E7F05E01C2F2C35003A6F21 /* QuizVerbesItaliensTests.app */,
				8E7F05F41C2F2C37003A6F21 /* Tests.xctest */,
				8E7F05FF1C2F2C39003A6F21 /* Tests.xctest */,
			);
			name = Products;
			path = ..;
			sourceTree = "<group>";
		};
		8E7F05E21C2F2C35003A6F21 /* QuizVerbesItaliens */ = {
			isa = PBXGroup;
			children = (
				8EB3E8E31EB53CE00042B592 /* ItemVerbe+CoreDataClass.swift */,
				8EB3E8E41EB53CE00042B592 /* ItemVerbe+CoreDataProperties.swift */,
				8E1D3DF61EB5202100482BC9 /* Main.storyboard */,
				8E1D3DEE1EB51FFA00482BC9 /* DataStructure.swift */,
				8E25F49A1D665A4F00E6AFBF /* initialViewController.swift */,
				8E7F05EC1C2F2C36003A6F21 /* LaunchScreen.storyboard */,
				8E1D3DDE1EB51F6800482BC9 /* OptionsViewController.swift */,
				8E1D3DE01EB51F7200482BC9 /* VerbListViewController.swift */,
				8E1D3DE21EB51F7E00482BC9 /* tempsDeVerbeTableViewController.swift */,
				8E1D3DE41EB51F8A00482BC9 /* FinalVerbeViewController.swift */,
				8E1D3DE61EB51F9100482BC9 /* QuizOptionsController.swift */,
				8E1D3DE81EB51F9D00482BC9 /* QuizController.swift */,
				8E1D3DEA1EB51FA800482BC9 /* ResultViewController.swift */,
				8E1D3DEC1EB51FB200482BC9 /* StatistiqueTableViewController.swift */,
				8EB3E9771EBA41B00042B592 /* ItalianVerbsList.plist */,
				8E3E403F1C6A801500918E7A /* Sounds */,
				8E7F05EA1C2F2C36003A6F21 /* Assets.xcassets */,
				8E7F05E31C2F2C35003A6F21 /* AppDelegate.swift */,
				8E48F53A1C3B078A00C53A1D /* Data */,
				8E7F05EF1C2F2C36003A6F21 /* Info.plist */,
				8E7F05F71C2F2C37003A6F21 /* QuizVerbesItaliensTests */,
				8E7F05F81C2F2C38003A6F21 /* QuizVerbesItaliensTests.swift */,
				8E7F05FA1C2F2C38003A6F21 /* Info.plist */,
				8E7F06021C2F2C39003A6F21 /* QuizVerbesItaliensUITests */,
				8E7F06031C2F2C39003A6F21 /* QuizVerbesItaliensUITests.swift */,
				8E7F06051C2F2C39003A6F21 /* Info.plist */,
				8E7F05E11C2F2C35003A6F21 /* Products */,
				8EB3E8E01EB53C100042B592 /* VerbesFrancais.xcdatamodeld */,
			);
			path = QuizVerbesItaliens;
			sourceTree = "<group>";
		};
		8E7F05F71C2F2C37003A6F21 /* QuizVerbesItaliensTests */ = {
			isa = PBXGroup;
			children = (
			);
			path = QuizVerbesItaliensTests;
			sourceTree = SOURCE_ROOT;
		};
		8E7F06021C2F2C39003A6F21 /* QuizVerbesItaliensUITests */ = {
			isa = PBXGroup;
			children = (
			);
			path = QuizVerbesItaliensUITests;
			sourceTree = SOURCE_ROOT;
		};
/* End PBXGroup section */

/* Begin PBXNativeTarget section */
		8E7F05DF1C2F2C35003A6F21 /* QuizVerbesItaliens */ = {
			isa = PBXNativeTarget;
			buildConfigurationList = 8E7F06081C2F2C3A003A6F21 /* Build configuration list for PBXNativeTarget "QuizVerbesItaliens" */;
			buildPhases = (
				8E7F05DC1C2F2C35003A6F21 /* Sources */,
				8E7F05DD1C2F2C35003A6F21 /* Frameworks */,
				8E7F05DE1C2F2C35003A6F21 /* Resources */,
			);
			buildRules = (
			);
			dependencies = (
			);
			name = QuizVerbesItaliens;
			productName = QuizVerbesItaliens;
			productReference = 8E7F05E01C2F2C35003A6F21 /* QuizVerbesItaliensTests.app */;
			productType = "com.apple.product-type.application";
		};
		8E7F05F31C2F2C37003A6F21 /* QuizVerbesItaliensTests */ = {
			isa = PBXNativeTarget;
			buildConfigurationList = 8E7F060B1C2F2C3A003A6F21 /* Build configuration list for PBXNativeTarget "QuizVerbesItaliensTests" */;
			buildPhases = (
				8E7F05F01C2F2C37003A6F21 /* Sources */,
				8E7F05F11C2F2C37003A6F21 /* Frameworks */,
				8E7F05F21C2F2C37003A6F21 /* Resources */,
			);
			buildRules = (
			);
			dependencies = (
				8E7F05F61C2F2C37003A6F21 /* PBXTargetDependency */,
			);
			name = QuizVerbesItaliensTests;
			productName = QuizVerbesItaliensTests;
			productReference = 8E7F05F41C2F2C37003A6F21 /* Tests.xctest */;
			productType = "com.apple.product-type.bundle.unit-test";
		};
		8E7F05FE1C2F2C38003A6F21 /* QuizVerbesItaliensUITests */ = {
			isa = PBXNativeTarget;
			buildConfigurationList = 8E7F060E1C2F2C3A003A6F21 /* Build configuration list for PBXNativeTarget "QuizVerbesItaliensUITests" */;
			buildPhases = (
				8E7F05FB1C2F2C38003A6F21 /* Sources */,
				8E7F05FC1C2F2C38003A6F21 /* Frameworks */,
				8E7F05FD1C2F2C38003A6F21 /* Resources */,
			);
			buildRules = (
			);
			dependencies = (
				8E7F06011C2F2C39003A6F21 /* PBXTargetDependency */,
			);
			name = QuizVerbesItaliensUITests;
			productName = QuizVerbesItaliensUITests;
			productReference = 8E7F05FF1C2F2C39003A6F21 /* Tests.xctest */;
			productType = "com.apple.product-type.bundle.ui-testing";
		};
/* End PBXNativeTarget section */

/* Begin PBXProject section */
		8E7F05D81C2F2C34003A6F21 /* Project object */ = {
			isa = PBXProject;
			attributes = {
				LastSwiftUpdateCheck = 0720;
				LastUpgradeCheck = 0900;
				ORGANIZATIONNAME = "Normand Martin";
				TargetAttributes = {
					8E7F05DF1C2F2C35003A6F21 = {
						CreatedOnToolsVersion = 7.2;
						DevelopmentTeam = X6D769Z7F4;
						LastSwiftMigration = 0900;
						ProvisioningStyle = Manual;
						SystemCapabilities = {
							com.apple.SafariKeychain = {
								enabled = 0;
							};
							com.apple.iCloud = {
								enabled = 0;
							};
						};
					};
					8E7F05F31C2F2C37003A6F21 = {
						CreatedOnToolsVersion = 7.2;
						DevelopmentTeam = X6D769Z7F4;
						LastSwiftMigration = 0900;
						ProvisioningStyle = Automatic;
						TestTargetID = 8E7F05DF1C2F2C35003A6F21;
					};
					8E7F05FE1C2F2C38003A6F21 = {
						CreatedOnToolsVersion = 7.2;
						DevelopmentTeam = X6D769Z7F4;
						LastSwiftMigration = 0900;
						ProvisioningStyle = Automatic;
						TestTargetID = 8E7F05DF1C2F2C35003A6F21;
					};
				};
			};
			buildConfigurationList = 8E7F05DB1C2F2C34003A6F21 /* Build configuration list for PBXProject "QuizVerbesItaliens" */;
			compatibilityVersion = "Xcode 3.2";
			developmentRegion = English;
			hasScannedForEncodings = 0;
			knownRegions = (
				en,
				Base,
			);
			mainGroup = 8E7F05D71C2F2C34003A6F21;
			productRefGroup = 8E7F05E11C2F2C35003A6F21 /* Products */;
			projectDirPath = "";
			projectRoot = "";
			targets = (
				8E7F05DF1C2F2C35003A6F21 /* QuizVerbesItaliens */,
				8E7F05F31C2F2C37003A6F21 /* QuizVerbesItaliensTests */,
				8E7F05FE1C2F2C38003A6F21 /* QuizVerbesItaliensUITests */,
			);
		};
/* End PBXProject section */

/* Begin PBXResourcesBuildPhase section */
		8E7F05DE1C2F2C35003A6F21 /* Resources */ = {
			isa = PBXResourcesBuildPhase;
			buildActionMask = 2147483647;
			files = (
				8E1D3DF71EB5202100482BC9 /* Main.storyboard in Resources */,
				8E7F05EE1C2F2C36003A6F21 /* LaunchScreen.storyboard in Resources */,
				8EB3E9781EBA41B00042B592 /* ItalianVerbsList.plist in Resources */,
				8E3E40301C6A758A00918E7A /* Sound in Resources */,
				8E3E40431C6A805300918E7A /* Incoming Text 01.wav in Resources */,
				8E3E40411C6A804C00918E7A /* Error Warning.wav in Resources */,
				8E7F05EB1C2F2C36003A6F21 /* Assets.xcassets in Resources */,
			);
			runOnlyForDeploymentPostprocessing = 0;
		};
		8E7F05F21C2F2C37003A6F21 /* Resources */ = {
			isa = PBXResourcesBuildPhase;
			buildActionMask = 2147483647;
			files = (
			);
			runOnlyForDeploymentPostprocessing = 0;
		};
		8E7F05FD1C2F2C38003A6F21 /* Resources */ = {
			isa = PBXResourcesBuildPhase;
			buildActionMask = 2147483647;
			files = (
			);
			runOnlyForDeploymentPostprocessing = 0;
		};
/* End PBXResourcesBuildPhase section */

/* Begin PBXSourcesBuildPhase section */
		8E7F05DC1C2F2C35003A6F21 /* Sources */ = {
			isa = PBXSourcesBuildPhase;
			buildActionMask = 2147483647;
			files = (
				8EA926131DDCD7BE00A34E95 /* AppDelegate.swift in Sources */,
				8E1D3DED1EB51FB200482BC9 /* StatistiqueTableViewController.swift in Sources */,
				8E1D3DE91EB51F9D00482BC9 /* QuizController.swift in Sources */,
				8E1D3DEF1EB51FFA00482BC9 /* DataStructure.swift in Sources */,
				8E1D3DEB1EB51FA800482BC9 /* ResultViewController.swift in Sources */,
				8EB3E8E61EB53CE00042B592 /* ItemVerbe+CoreDataProperties.swift in Sources */,
				8EB3E8E21EB53C100042B592 /* VerbesFrancais.xcdatamodeld in Sources */,
				8EA926111DDCD79900A34E95 /* initialViewController.swift in Sources */,
				8E1D3DE71EB51F9100482BC9 /* QuizOptionsController.swift in Sources */,
				8E1D3DE51EB51F8A00482BC9 /* FinalVerbeViewController.swift in Sources */,
				8E1D3DE31EB51F7E00482BC9 /* tempsDeVerbeTableViewController.swift in Sources */,
				8E1D3DE11EB51F7200482BC9 /* VerbListViewController.swift in Sources */,
				8EB3E8E51EB53CE00042B592 /* ItemVerbe+CoreDataClass.swift in Sources */,
				8E1D3DDF1EB51F6800482BC9 /* OptionsViewController.swift in Sources */,
			);
			runOnlyForDeploymentPostprocessing = 0;
		};
		8E7F05F01C2F2C37003A6F21 /* Sources */ = {
			isa = PBXSourcesBuildPhase;
			buildActionMask = 2147483647;
			files = (
				8E7F05F91C2F2C38003A6F21 /* QuizVerbesItaliensTests.swift in Sources */,
			);
			runOnlyForDeploymentPostprocessing = 0;
		};
		8E7F05FB1C2F2C38003A6F21 /* Sources */ = {
			isa = PBXSourcesBuildPhase;
			buildActionMask = 2147483647;
			files = (
				8E7F06041C2F2C39003A6F21 /* QuizVerbesItaliensUITests.swift in Sources */,
			);
			runOnlyForDeploymentPostprocessing = 0;
		};
/* End PBXSourcesBuildPhase section */

/* Begin PBXTargetDependency section */
		8E7F05F61C2F2C37003A6F21 /* PBXTargetDependency */ = {
			isa = PBXTargetDependency;
			target = 8E7F05DF1C2F2C35003A6F21 /* QuizVerbesItaliens */;
			targetProxy = 8E7F05F51C2F2C37003A6F21 /* PBXContainerItemProxy */;
		};
		8E7F06011C2F2C39003A6F21 /* PBXTargetDependency */ = {
			isa = PBXTargetDependency;
			target = 8E7F05DF1C2F2C35003A6F21 /* QuizVerbesItaliens */;
			targetProxy = 8E7F06001C2F2C39003A6F21 /* PBXContainerItemProxy */;
		};
/* End PBXTargetDependency section */

/* Begin PBXVariantGroup section */
		8E7F05EC1C2F2C36003A6F21 /* LaunchScreen.storyboard */ = {
			isa = PBXVariantGroup;
			children = (
				8E7F05ED1C2F2C36003A6F21 /* Base */,
			);
			name = LaunchScreen.storyboard;
			sourceTree = "<group>";
		};
/* End PBXVariantGroup section */

/* Begin XCBuildConfiguration section */
		8E7F06061C2F2C3A003A6F21 /* Debug */ = {
			isa = XCBuildConfiguration;
			buildSettings = {
				ALWAYS_SEARCH_USER_PATHS = NO;
				CLANG_CXX_LANGUAGE_STANDARD = "gnu++0x";
				CLANG_CXX_LIBRARY = "libc++";
				CLANG_ENABLE_MODULES = YES;
				CLANG_ENABLE_OBJC_ARC = YES;
				CLANG_WARN_BLOCK_CAPTURE_AUTORELEASING = YES;
				CLANG_WARN_BOOL_CONVERSION = YES;
				CLANG_WARN_COMMA = YES;
				CLANG_WARN_CONSTANT_CONVERSION = YES;
				CLANG_WARN_DIRECT_OBJC_ISA_USAGE = YES_ERROR;
				CLANG_WARN_EMPTY_BODY = YES;
				CLANG_WARN_ENUM_CONVERSION = YES;
				CLANG_WARN_INFINITE_RECURSION = YES;
				CLANG_WARN_INT_CONVERSION = YES;
				CLANG_WARN_NON_LITERAL_NULL_CONVERSION = YES;
				CLANG_WARN_OBJC_LITERAL_CONVERSION = YES;
				CLANG_WARN_OBJC_ROOT_CLASS = YES_ERROR;
				CLANG_WARN_RANGE_LOOP_ANALYSIS = YES;
				CLANG_WARN_STRICT_PROTOTYPES = YES;
				CLANG_WARN_SUSPICIOUS_MOVE = YES;
				CLANG_WARN_UNREACHABLE_CODE = YES;
				CLANG_WARN__DUPLICATE_METHOD_MATCH = YES;
				CODE_SIGN_IDENTITY = "";
				"CODE_SIGN_IDENTITY[sdk=iphoneos*]" = "iPhone Developer";
				COPY_PHASE_STRIP = NO;
				DEBUG_INFORMATION_FORMAT = dwarf;
				DEVELOPMENT_TEAM = X6D769Z7F4;
				ENABLE_STRICT_OBJC_MSGSEND = YES;
				ENABLE_TESTABILITY = YES;
				GCC_C_LANGUAGE_STANDARD = gnu99;
				GCC_DYNAMIC_NO_PIC = NO;
				GCC_NO_COMMON_BLOCKS = YES;
				GCC_OPTIMIZATION_LEVEL = 0;
				GCC_PREPROCESSOR_DEFINITIONS = (
					"DEBUG=1",
					"$(inherited)",
				);
				GCC_WARN_64_TO_32_BIT_CONVERSION = YES;
				GCC_WARN_ABOUT_RETURN_TYPE = YES_ERROR;
				GCC_WARN_UNDECLARED_SELECTOR = YES;
				GCC_WARN_UNINITIALIZED_AUTOS = YES_AGGRESSIVE;
				GCC_WARN_UNUSED_FUNCTION = YES;
				GCC_WARN_UNUSED_VARIABLE = YES;
				IPHONEOS_DEPLOYMENT_TARGET = 9.2;
				MTL_ENABLE_DEBUG_INFO = YES;
				ONLY_ACTIVE_ARCH = YES;
				SDKROOT = iphoneos;
				SWIFT_OPTIMIZATION_LEVEL = "-Onone";
			};
			name = Debug;
		};
		8E7F06071C2F2C3A003A6F21 /* Release */ = {
			isa = XCBuildConfiguration;
			buildSettings = {
				ALWAYS_SEARCH_USER_PATHS = NO;
				CLANG_CXX_LANGUAGE_STANDARD = "gnu++0x";
				CLANG_CXX_LIBRARY = "libc++";
				CLANG_ENABLE_MODULES = YES;
				CLANG_ENABLE_OBJC_ARC = YES;
				CLANG_WARN_BLOCK_CAPTURE_AUTORELEASING = YES;
				CLANG_WARN_BOOL_CONVERSION = YES;
				CLANG_WARN_COMMA = YES;
				CLANG_WARN_CONSTANT_CONVERSION = YES;
				CLANG_WARN_DIRECT_OBJC_ISA_USAGE = YES_ERROR;
				CLANG_WARN_EMPTY_BODY = YES;
				CLANG_WARN_ENUM_CONVERSION = YES;
				CLANG_WARN_INFINITE_RECURSION = YES;
				CLANG_WARN_INT_CONVERSION = YES;
				CLANG_WARN_NON_LITERAL_NULL_CONVERSION = YES;
				CLANG_WARN_OBJC_LITERAL_CONVERSION = YES;
				CLANG_WARN_OBJC_ROOT_CLASS = YES_ERROR;
				CLANG_WARN_RANGE_LOOP_ANALYSIS = YES;
				CLANG_WARN_STRICT_PROTOTYPES = YES;
				CLANG_WARN_SUSPICIOUS_MOVE = YES;
				CLANG_WARN_UNREACHABLE_CODE = YES;
				CLANG_WARN__DUPLICATE_METHOD_MATCH = YES;
				CODE_SIGN_IDENTITY = "";
				"CODE_SIGN_IDENTITY[sdk=iphoneos*]" = "iPhone Developer";
				COPY_PHASE_STRIP = NO;
				DEBUG_INFORMATION_FORMAT = "dwarf-with-dsym";
				DEVELOPMENT_TEAM = X6D769Z7F4;
				ENABLE_NS_ASSERTIONS = NO;
				ENABLE_STRICT_OBJC_MSGSEND = YES;
				GCC_C_LANGUAGE_STANDARD = gnu99;
				GCC_NO_COMMON_BLOCKS = YES;
				GCC_WARN_64_TO_32_BIT_CONVERSION = YES;
				GCC_WARN_ABOUT_RETURN_TYPE = YES_ERROR;
				GCC_WARN_UNDECLARED_SELECTOR = YES;
				GCC_WARN_UNINITIALIZED_AUTOS = YES_AGGRESSIVE;
				GCC_WARN_UNUSED_FUNCTION = YES;
				GCC_WARN_UNUSED_VARIABLE = YES;
				IPHONEOS_DEPLOYMENT_TARGET = 9.2;
				MTL_ENABLE_DEBUG_INFO = NO;
				SDKROOT = iphoneos;
				SWIFT_OPTIMIZATION_LEVEL = "-Owholemodule";
				VALIDATE_PRODUCT = YES;
			};
			name = Release;
		};
		8E7F06091C2F2C3A003A6F21 /* Debug */ = {
			isa = XCBuildConfiguration;
			buildSettings = {
				ASSETCATALOG_COMPILER_APPICON_NAME = AppIcon;
				CODE_SIGN_IDENTITY = "";
				"CODE_SIGN_IDENTITY[sdk=iphoneos*]" = "iPhone Developer";
				DEVELOPMENT_TEAM = X6D769Z7F4;
				ENABLE_BITCODE = YES;
				INFOPLIST_FILE = QuizVerbesItaliens/Info.plist;
				"INSTALL_PATH[sdk=*]" = "$(LOCAL_APPS_DIR)";
				LD_RUNPATH_SEARCH_PATHS = "$(inherited) @executable_path/Frameworks";
				PRODUCT_BUNDLE_IDENTIFIER = NM.ItalianVerbsQuiz;
				PRODUCT_NAME = QuizVerbesItaliensTests;
				PROVISIONING_PROFILE = "eb699353-16a7-4359-bc8e-2699d5544047";
				PROVISIONING_PROFILE_SPECIFIER = "match Development NM.ItalianVerbsQuiz";
				SWIFT_SWIFT3_OBJC_INFERENCE = Default;
				SWIFT_VERSION = 4.0;
				TARGETED_DEVICE_FAMILY = "1,2";
			};
			name = Debug;
		};
		8E7F060A1C2F2C3A003A6F21 /* Release */ = {
			isa = XCBuildConfiguration;
			buildSettings = {
				ASSETCATALOG_COMPILER_APPICON_NAME = AppIcon;
				CODE_SIGN_IDENTITY = "";
				"CODE_SIGN_IDENTITY[sdk=iphoneos*]" = "iPhone Distribution";
				DEVELOPMENT_TEAM = X6D769Z7F4;
				ENABLE_BITCODE = YES;
				INFOPLIST_FILE = QuizVerbesItaliens/Info.plist;
				"INSTALL_PATH[sdk=*]" = "$(LOCAL_APPS_DIR)";
				LD_RUNPATH_SEARCH_PATHS = "$(inherited) @executable_path/Frameworks";
				PRODUCT_BUNDLE_IDENTIFIER = NM.ItalianVerbsQuiz;
				PRODUCT_NAME = QuizVerbesItaliensTests;
				PROVISIONING_PROFILE = "7a67921d-42f9-4fc3-b879-54cfa6cbe6f2";
				PROVISIONING_PROFILE_SPECIFIER = "match AppStore NM.ItalianVerbsQuiz";
				SWIFT_SWIFT3_OBJC_INFERENCE = Default;
				SWIFT_VERSION = 4.0;
				TARGETED_DEVICE_FAMILY = "1,2";
			};
			name = Release;
		};
		8E7F060C1C2F2C3A003A6F21 /* Debug */ = {
			isa = XCBuildConfiguration;
			buildSettings = {
				ALWAYS_EMBED_SWIFT_STANDARD_LIBRARIES = YES;
				BUNDLE_LOADER = "$(TEST_HOST)";
				"CODE_SIGN_IDENTITY[sdk=iphoneos*]" = "iPhone Developer";
				DEVELOPMENT_TEAM = X6D769Z7F4;
				INFOPLIST_FILE = QuizVerbesItaliensTests/Info.plist;
				LD_RUNPATH_SEARCH_PATHS = "$(inherited) @executable_path/Frameworks @loader_path/Frameworks";
				PRODUCT_BUNDLE_IDENTIFIER = NM.ItalianVerbsQuiz;
				PRODUCT_NAME = Tests;
				SWIFT_SWIFT3_OBJC_INFERENCE = Default;
				SWIFT_VERSION = 4.0;
				TEST_HOST = "$(BUILT_PRODUCTS_DIR)/QuizVerbesItaliens.app/QuizVerbesItaliens";
			};
			name = Debug;
		};
		8E7F060D1C2F2C3A003A6F21 /* Release */ = {
			isa = XCBuildConfiguration;
			buildSettings = {
				ALWAYS_EMBED_SWIFT_STANDARD_LIBRARIES = YES;
				BUNDLE_LOADER = "$(TEST_HOST)";
				"CODE_SIGN_IDENTITY[sdk=iphoneos*]" = "iPhone Developer";
				DEVELOPMENT_TEAM = X6D769Z7F4;
				INFOPLIST_FILE = QuizVerbesItaliensTests/Info.plist;
				LD_RUNPATH_SEARCH_PATHS = "$(inherited) @executable_path/Frameworks @loader_path/Frameworks";
				PRODUCT_BUNDLE_IDENTIFIER = NM.ItalianVerbsQuiz;
				PRODUCT_NAME = Tests;
				SWIFT_SWIFT3_OBJC_INFERENCE = Default;
				SWIFT_VERSION = 4.0;
				TEST_HOST = "$(BUILT_PRODUCTS_DIR)/QuizVerbesItaliens.app/QuizVerbesItaliens";
			};
			name = Release;
		};
		8E7F060F1C2F2C3A003A6F21 /* Debug */ = {
			isa = XCBuildConfiguration;
			buildSettings = {
				ALWAYS_EMBED_SWIFT_STANDARD_LIBRARIES = YES;
				"CODE_SIGN_IDENTITY[sdk=iphoneos*]" = "iPhone Developer";
				DEVELOPMENT_TEAM = X6D769Z7F4;
				INFOPLIST_FILE = QuizVerbesItaliensUITests/Info.plist;
				LD_RUNPATH_SEARCH_PATHS = "$(inherited) @executable_path/Frameworks @loader_path/Frameworks";
				PRODUCT_BUNDLE_IDENTIFIER = NM.ItalianVerbsQuizUITests;
				PRODUCT_NAME = Tests;
				PROVISIONING_PROFILE = "";
				PROVISIONING_PROFILE_SPECIFIER = "";
				SWIFT_SWIFT3_OBJC_INFERENCE = Default;
				SWIFT_VERSION = 4.0;
				TEST_TARGET_NAME = QuizVerbesItaliens;
				USES_XCTRUNNER = YES;
			};
			name = Debug;
		};
		8E7F06101C2F2C3A003A6F21 /* Release */ = {
			isa = XCBuildConfiguration;
			buildSettings = {
				ALWAYS_EMBED_SWIFT_STANDARD_LIBRARIES = YES;
				"CODE_SIGN_IDENTITY[sdk=iphoneos*]" = "iPhone Developer";
				DEVELOPMENT_TEAM = X6D769Z7F4;
				INFOPLIST_FILE = QuizVerbesItaliensUITests/Info.plist;
				LD_RUNPATH_SEARCH_PATHS = "$(inherited) @executable_path/Frameworks @loader_path/Frameworks";
				PRODUCT_BUNDLE_IDENTIFIER = NM.ItalianVerbsQuizUITests;
				PRODUCT_NAME = Tests;
				PROVISIONING_PROFILE = "";
				PROVISIONING_PROFILE_SPECIFIER = "";
				SWIFT_SWIFT3_OBJC_INFERENCE = Default;
				SWIFT_VERSION = 4.0;
				TEST_TARGET_NAME = QuizVerbesItaliens;
				USES_XCTRUNNER = YES;
			};
			name = Release;
		};
/* End XCBuildConfiguration section */

/* Begin XCConfigurationList section */
		8E7F05DB1C2F2C34003A6F21 /* Build configuration list for PBXProject "QuizVerbesItaliens" */ = {
			isa = XCConfigurationList;
			buildConfigurations = (
				8E7F06061C2F2C3A003A6F21 /* Debug */,
				8E7F06071C2F2C3A003A6F21 /* Release */,
			);
			defaultConfigurationIsVisible = 0;
			defaultConfigurationName = Release;
		};
		8E7F06081C2F2C3A003A6F21 /* Build configuration list for PBXNativeTarget "QuizVerbesItaliens" */ = {
			isa = XCConfigurationList;
			buildConfigurations = (
				8E7F06091C2F2C3A003A6F21 /* Debug */,
				8E7F060A1C2F2C3A003A6F21 /* Release */,
			);
			defaultConfigurationIsVisible = 0;
			defaultConfigurationName = Release;
		};
		8E7F060B1C2F2C3A003A6F21 /* Build configuration list for PBXNativeTarget "QuizVerbesItaliensTests" */ = {
			isa = XCConfigurationList;
			buildConfigurations = (
				8E7F060C1C2F2C3A003A6F21 /* Debug */,
				8E7F060D1C2F2C3A003A6F21 /* Release */,
			);
			defaultConfigurationIsVisible = 0;
			defaultConfigurationName = Release;
		};
		8E7F060E1C2F2C3A003A6F21 /* Build configuration list for PBXNativeTarget "QuizVerbesItaliensUITests" */ = {
			isa = XCConfigurationList;
			buildConfigurations = (
				8E7F060F1C2F2C3A003A6F21 /* Debug */,
				8E7F06101C2F2C3A003A6F21 /* Release */,
			);
			defaultConfigurationIsVisible = 0;
			defaultConfigurationName = Release;
		};
/* End XCConfigurationList section */

/* Begin XCVersionGroup section */
		8EB3E8E01EB53C100042B592 /* VerbesFrancais.xcdatamodeld */ = {
			isa = XCVersionGroup;
			children = (
				8EB3E8E11EB53C100042B592 /* VerbesFrancais.xcdatamodel */,
			);
			currentVersion = 8EB3E8E11EB53C100042B592 /* VerbesFrancais.xcdatamodel */;
			path = VerbesFrancais.xcdatamodeld;
			sourceTree = "<group>";
			versionGroupType = wrapper.xcdatamodel;
		};
/* End XCVersionGroup section */
	};
	rootObject = 8E7F05D81C2F2C34003A6F21 /* Project object */;
}
